// !$*UTF8*$!
{
	archiveVersion = 1;
	classes = {
	};
	objectVersion = 56;
	objects = {

/* Begin PBXBuildFile section */
		BFDBB0BF298CACF600CBC32F /* Swift100_19_challengeApp.swift in Sources */ = {isa = PBXBuildFile; fileRef = BFDBB0BE298CACF600CBC32F /* Swift100_19_challengeApp.swift */; };
		BFDBB0C1298CACF600CBC32F /* ContentView.swift in Sources */ = {isa = PBXBuildFile; fileRef = BFDBB0C0298CACF600CBC32F /* ContentView.swift */; };
		BFDBB0C3298CACF700CBC32F /* Assets.xcassets in Resources */ = {isa = PBXBuildFile; fileRef = BFDBB0C2298CACF700CBC32F /* Assets.xcassets */; };
		BFDBB0C6298CACF700CBC32F /* Preview Assets.xcassets in Resources */ = {isa = PBXBuildFile; fileRef = BFDBB0C5298CACF700CBC32F /* Preview Assets.xcassets */; };
		BFDBB0D0298CACF700CBC32F /* Swift100_19_challengeTests.swift in Sources */ = {isa = PBXBuildFile; fileRef = BFDBB0CF298CACF700CBC32F /* Swift100_19_challengeTests.swift */; };
		BFDBB0DA298CACF700CBC32F /* Swift100_19_challengeUITests.swift in Sources */ = {isa = PBXBuildFile; fileRef = BFDBB0D9298CACF700CBC32F /* Swift100_19_challengeUITests.swift */; };
		BFDBB0DC298CACF700CBC32F /* Swift100_19_challengeUITestsLaunchTests.swift in Sources */ = {isa = PBXBuildFile; fileRef = BFDBB0DB298CACF700CBC32F /* Swift100_19_challengeUITestsLaunchTests.swift */; };
/* End PBXBuildFile section */

/* Begin PBXContainerItemProxy section */
		BFDBB0CC298CACF700CBC32F /* PBXContainerItemProxy */ = {
			isa = PBXContainerItemProxy;
			containerPortal = BFDBB0B3298CACF600CBC32F /* Project object */;
			proxyType = 1;
			remoteGlobalIDString = BFDBB0BA298CACF600CBC32F;
			remoteInfo = Swift100_19_challenge;
		};
		BFDBB0D6298CACF700CBC32F /* PBXContainerItemProxy */ = {
			isa = PBXContainerItemProxy;
			containerPortal = BFDBB0B3298CACF600CBC32F /* Project object */;
			proxyType = 1;
			remoteGlobalIDString = BFDBB0BA298CACF600CBC32F;
			remoteInfo = Swift100_19_challenge;
		};
/* End PBXContainerItemProxy section */

/* Begin PBXFileReference section */
		BFDBB0BB298CACF600CBC32F /* Swift100_19_challenge.app */ = {isa = PBXFileReference; explicitFileType = wrapper.application; includeInIndex = 0; path = Swift100_19_challenge.app; sourceTree = BUILT_PRODUCTS_DIR; };
		BFDBB0BE298CACF600CBC32F /* Swift100_19_challengeApp.swift */ = {isa = PBXFileReference; lastKnownFileType = sourcecode.swift; path = Swift100_19_challengeApp.swift; sourceTree = "<group>"; };
		BFDBB0C0298CACF600CBC32F /* ContentView.swift */ = {isa = PBXFileReference; lastKnownFileType = sourcecode.swift; path = ContentView.swift; sourceTree = "<group>"; };
		BFDBB0C2298CACF700CBC32F /* Assets.xcassets */ = {isa = PBXFileReference; lastKnownFileType = folder.assetcatalog; path = Assets.xcassets; sourceTree = "<group>"; };
		BFDBB0C5298CACF700CBC32F /* Preview Assets.xcassets */ = {isa = PBXFileReference; lastKnownFileType = folder.assetcatalog; path = "Preview Assets.xcassets"; sourceTree = "<group>"; };
		BFDBB0CB298CACF700CBC32F /* Swift100_19_challengeTests.xctest */ = {isa = PBXFileReference; explicitFileType = wrapper.cfbundle; includeInIndex = 0; path = Swift100_19_challengeTests.xctest; sourceTree = BUILT_PRODUCTS_DIR; };
		BFDBB0CF298CACF700CBC32F /* Swift100_19_challengeTests.swift */ = {isa = PBXFileReference; lastKnownFileType = sourcecode.swift; path = Swift100_19_challengeTests.swift; sourceTree = "<group>"; };
		BFDBB0D5298CACF700CBC32F /* Swift100_19_challengeUITests.xctest */ = {isa = PBXFileReference; explicitFileType = wrapper.cfbundle; includeInIndex = 0; path = Swift100_19_challengeUITests.xctest; sourceTree = BUILT_PRODUCTS_DIR; };
		BFDBB0D9298CACF700CBC32F /* Swift100_19_challengeUITests.swift */ = {isa = PBXFileReference; lastKnownFileType = sourcecode.swift; path = Swift100_19_challengeUITests.swift; sourceTree = "<group>"; };
		BFDBB0DB298CACF700CBC32F /* Swift100_19_challengeUITestsLaunchTests.swift */ = {isa = PBXFileReference; lastKnownFileType = sourcecode.swift; path = Swift100_19_challengeUITestsLaunchTests.swift; sourceTree = "<group>"; };
/* End PBXFileReference section */

/* Begin PBXFrameworksBuildPhase section */
		BFDBB0B8298CACF600CBC32F /* Frameworks */ = {
			isa = PBXFrameworksBuildPhase;
			buildActionMask = 2147483647;
			files = (
			);
			runOnlyForDeploymentPostprocessing = 0;
		};
		BFDBB0C8298CACF700CBC32F /* Frameworks */ = {
			isa = PBXFrameworksBuildPhase;
			buildActionMask = 2147483647;
			files = (
			);
			runOnlyForDeploymentPostprocessing = 0;
		};
		BFDBB0D2298CACF700CBC32F /* Frameworks */ = {
			isa = PBXFrameworksBuildPhase;
			buildActionMask = 2147483647;
			files = (
			);
			runOnlyForDeploymentPostprocessing = 0;
		};
/* End PBXFrameworksBuildPhase section */

/* Begin PBXGroup section */
		BFDBB0B2298CACF600CBC32F = {
			isa = PBXGroup;
			children = (
				BFDBB0BD298CACF600CBC32F /* Swift100_19_challenge */,
				BFDBB0CE298CACF700CBC32F /* Swift100_19_challengeTests */,
				BFDBB0D8298CACF700CBC32F /* Swift100_19_challengeUITests */,
				BFDBB0BC298CACF600CBC32F /* Products */,
			);
			sourceTree = "<group>";
		};
		BFDBB0BC298CACF600CBC32F /* Products */ = {
			isa = PBXGroup;
			children = (
				BFDBB0BB298CACF600CBC32F /* Swift100_19_challenge.app */,
				BFDBB0CB298CACF700CBC32F /* Swift100_19_challengeTests.xctest */,
				BFDBB0D5298CACF700CBC32F /* Swift100_19_challengeUITests.xctest */,
			);
			name = Products;
			sourceTree = "<group>";
		};
		BFDBB0BD298CACF600CBC32F /* Swift100_19_challenge */ = {
			isa = PBXGroup;
			children = (
				BFDBB0BE298CACF600CBC32F /* Swift100_19_challengeApp.swift */,
				BFDBB0C0298CACF600CBC32F /* ContentView.swift */,
				BFDBB0C2298CACF700CBC32F /* Assets.xcassets */,
				BFDBB0C4298CACF700CBC32F /* Preview Content */,
			);
			path = Swift100_19_challenge;
			sourceTree = "<group>";
		};
		BFDBB0C4298CACF700CBC32F /* Preview Content */ = {
			isa = PBXGroup;
			children = (
				BFDBB0C5298CACF700CBC32F /* Preview Assets.xcassets */,
			);
			path = "Preview Content";
			sourceTree = "<group>";
		};
		BFDBB0CE298CACF700CBC32F /* Swift100_19_challengeTests */ = {
			isa = PBXGroup;
			children = (
				BFDBB0CF298CACF700CBC32F /* Swift100_19_challengeTests.swift */,
			);
			path = Swift100_19_challengeTests;
			sourceTree = "<group>";
		};
		BFDBB0D8298CACF700CBC32F /* Swift100_19_challengeUITests */ = {
			isa = PBXGroup;
			children = (
				BFDBB0D9298CACF700CBC32F /* Swift100_19_challengeUITests.swift */,
				BFDBB0DB298CACF700CBC32F /* Swift100_19_challengeUITestsLaunchTests.swift */,
			);
			path = Swift100_19_challengeUITests;
			sourceTree = "<group>";
		};
/* End PBXGroup section */

/* Begin PBXNativeTarget section */
		BFDBB0BA298CACF600CBC32F /* Swift100_19_challenge */ = {
			isa = PBXNativeTarget;
			buildConfigurationList = BFDBB0DF298CACF700CBC32F /* Build configuration list for PBXNativeTarget "Swift100_19_challenge" */;
			buildPhases = (
				BFDBB0B7298CACF600CBC32F /* Sources */,
				BFDBB0B8298CACF600CBC32F /* Frameworks */,
				BFDBB0B9298CACF600CBC32F /* Resources */,
			);
			buildRules = (
			);
			dependencies = (
			);
			name = Swift100_19_challenge;
			productName = Swift100_19_challenge;
			productReference = BFDBB0BB298CACF600CBC32F /* Swift100_19_challenge.app */;
			productType = "com.apple.product-type.application";
		};
		BFDBB0CA298CACF700CBC32F /* Swift100_19_challengeTests */ = {
			isa = PBXNativeTarget;
			buildConfigurationList = BFDBB0E2298CACF700CBC32F /* Build configuration list for PBXNativeTarget "Swift100_19_challengeTests" */;
			buildPhases = (
				BFDBB0C7298CACF700CBC32F /* Sources */,
				BFDBB0C8298CACF700CBC32F /* Frameworks */,
				BFDBB0C9298CACF700CBC32F /* Resources */,
			);
			buildRules = (
			);
			dependencies = (
				BFDBB0CD298CACF700CBC32F /* PBXTargetDependency */,
			);
			name = Swift100_19_challengeTests;
			productName = Swift100_19_challengeTests;
			productReference = BFDBB0CB298CACF700CBC32F /* Swift100_19_challengeTests.xctest */;
			productType = "com.apple.product-type.bundle.unit-test";
		};
		BFDBB0D4298CACF700CBC32F /* Swift100_19_challengeUITests */ = {
			isa = PBXNativeTarget;
			buildConfigurationList = BFDBB0E5298CACF700CBC32F /* Build configuration list for PBXNativeTarget "Swift100_19_challengeUITests" */;
			buildPhases = (
				BFDBB0D1298CACF700CBC32F /* Sources */,
				BFDBB0D2298CACF700CBC32F /* Frameworks */,
				BFDBB0D3298CACF700CBC32F /* Resources */,
			);
			buildRules = (
			);
			dependencies = (
				BFDBB0D7298CACF700CBC32F /* PBXTargetDependency */,
			);
			name = Swift100_19_challengeUITests;
			productName = Swift100_19_challengeUITests;
			productReference = BFDBB0D5298CACF700CBC32F /* Swift100_19_challengeUITests.xctest */;
			productType = "com.apple.product-type.bundle.ui-testing";
		};
/* End PBXNativeTarget section */

/* Begin PBXProject section */
		BFDBB0B3298CACF600CBC32F /* Project object */ = {
			isa = PBXProject;
			attributes = {
				BuildIndependentTargetsInParallel = 1;
				LastSwiftUpdateCheck = 1420;
				LastUpgradeCheck = 1420;
				TargetAttributes = {
					BFDBB0BA298CACF600CBC32F = {
						CreatedOnToolsVersion = 14.2;
					};
					BFDBB0CA298CACF700CBC32F = {
						CreatedOnToolsVersion = 14.2;
						TestTargetID = BFDBB0BA298CACF600CBC32F;
					};
					BFDBB0D4298CACF700CBC32F = {
						CreatedOnToolsVersion = 14.2;
						TestTargetID = BFDBB0BA298CACF600CBC32F;
					};
				};
			};
			buildConfigurationList = BFDBB0B6298CACF600CBC32F /* Build configuration list for PBXProject "Swift100_19_challenge" */;
			compatibilityVersion = "Xcode 14.0";
			developmentRegion = en;
			hasScannedForEncodings = 0;
			knownRegions = (
				en,
				Base,
			);
			mainGroup = BFDBB0B2298CACF600CBC32F;
			productRefGroup = BFDBB0BC298CACF600CBC32F /* Products */;
			projectDirPath = "";
			projectRoot = "";
			targets = (
				BFDBB0BA298CACF600CBC32F /* Swift100_19_challenge */,
				BFDBB0CA298CACF700CBC32F /* Swift100_19_challengeTests */,
				BFDBB0D4298CACF700CBC32F /* Swift100_19_challengeUITests */,
			);
		};
/* End PBXProject section */

/* Begin PBXResourcesBuildPhase section */
		BFDBB0B9298CACF600CBC32F /* Resources */ = {
			isa = PBXResourcesBuildPhase;
			buildActionMask = 2147483647;
			files = (
				BFDBB0C6298CACF700CBC32F /* Preview Assets.xcassets in Resources */,
				BFDBB0C3298CACF700CBC32F /* Assets.xcassets in Resources */,
			);
			runOnlyForDeploymentPostprocessing = 0;
		};
		BFDBB0C9298CACF700CBC32F /* Resources */ = {
			isa = PBXResourcesBuildPhase;
			buildActionMask = 2147483647;
			files = (
			);
			runOnlyForDeploymentPostprocessing = 0;
		};
		BFDBB0D3298CACF700CBC32F /* Resources */ = {
			isa = PBXResourcesBuildPhase;
			buildActionMask = 2147483647;
			files = (
			);
			runOnlyForDeploymentPostprocessing = 0;
		};
/* End PBXResourcesBuildPhase section */

/* Begin PBXSourcesBuildPhase section */
		BFDBB0B7298CACF600CBC32F /* Sources */ = {
			isa = PBXSourcesBuildPhase;
			buildActionMask = 2147483647;
			files = (
				BFDBB0C1298CACF600CBC32F /* ContentView.swift in Sources */,
				BFDBB0BF298CACF600CBC32F /* Swift100_19_challengeApp.swift in Sources */,
			);
			runOnlyForDeploymentPostprocessing = 0;
		};
		BFDBB0C7298CACF700CBC32F /* Sources */ = {
			isa = PBXSourcesBuildPhase;
			buildActionMask = 2147483647;
			files = (
				BFDBB0D0298CACF700CBC32F /* Swift100_19_challengeTests.swift in Sources */,
			);
			runOnlyForDeploymentPostprocessing = 0;
		};
		BFDBB0D1298CACF700CBC32F /* Sources */ = {
			isa = PBXSourcesBuildPhase;
			buildActionMask = 2147483647;
			files = (
				BFDBB0DC298CACF700CBC32F /* Swift100_19_challengeUITestsLaunchTests.swift in Sources */,
				BFDBB0DA298CACF700CBC32F /* Swift100_19_challengeUITests.swift in Sources */,
			);
			runOnlyForDeploymentPostprocessing = 0;
		};
/* End PBXSourcesBuildPhase section */

/* Begin PBXTargetDependency section */
		BFDBB0CD298CACF700CBC32F /* PBXTargetDependency */ = {
			isa = PBXTargetDependency;
			target = BFDBB0BA298CACF600CBC32F /* Swift100_19_challenge */;
			targetProxy = BFDBB0CC298CACF700CBC32F /* PBXContainerItemProxy */;
		};
		BFDBB0D7298CACF700CBC32F /* PBXTargetDependency */ = {
			isa = PBXTargetDependency;
			target = BFDBB0BA298CACF600CBC32F /* Swift100_19_challenge */;
			targetProxy = BFDBB0D6298CACF700CBC32F /* PBXContainerItemProxy */;
		};
/* End PBXTargetDependency section */

/* Begin XCBuildConfiguration section */
		BFDBB0DD298CACF700CBC32F /* Debug */ = {
			isa = XCBuildConfiguration;
			buildSettings = {
				ALWAYS_SEARCH_USER_PATHS = NO;
				CLANG_ANALYZER_NONNULL = YES;
				CLANG_ANALYZER_NUMBER_OBJECT_CONVERSION = YES_AGGRESSIVE;
				CLANG_CXX_LANGUAGE_STANDARD = "gnu++20";
				CLANG_ENABLE_MODULES = YES;
				CLANG_ENABLE_OBJC_ARC = YES;
				CLANG_ENABLE_OBJC_WEAK = YES;
				CLANG_WARN_BLOCK_CAPTURE_AUTORELEASING = YES;
				CLANG_WARN_BOOL_CONVERSION = YES;
				CLANG_WARN_COMMA = YES;
				CLANG_WARN_CONSTANT_CONVERSION = YES;
				CLANG_WARN_DEPRECATED_OBJC_IMPLEMENTATIONS = YES;
				CLANG_WARN_DIRECT_OBJC_ISA_USAGE = YES_ERROR;
				CLANG_WARN_DOCUMENTATION_COMMENTS = YES;
				CLANG_WARN_EMPTY_BODY = YES;
				CLANG_WARN_ENUM_CONVERSION = YES;
				CLANG_WARN_INFINITE_RECURSION = YES;
				CLANG_WARN_INT_CONVERSION = YES;
				CLANG_WARN_NON_LITERAL_NULL_CONVERSION = YES;
				CLANG_WARN_OBJC_IMPLICIT_RETAIN_SELF = YES;
				CLANG_WARN_OBJC_LITERAL_CONVERSION = YES;
				CLANG_WARN_OBJC_ROOT_CLASS = YES_ERROR;
				CLANG_WARN_QUOTED_INCLUDE_IN_FRAMEWORK_HEADER = YES;
				CLANG_WARN_RANGE_LOOP_ANALYSIS = YES;
				CLANG_WARN_STRICT_PROTOTYPES = YES;
				CLANG_WARN_SUSPICIOUS_MOVE = YES;
				CLANG_WARN_UNGUARDED_AVAILABILITY = YES_AGGRESSIVE;
				CLANG_WARN_UNREACHABLE_CODE = YES;
				CLANG_WARN__DUPLICATE_METHOD_MATCH = YES;
				COPY_PHASE_STRIP = NO;
				DEBUG_INFORMATION_FORMAT = dwarf;
				ENABLE_STRICT_OBJC_MSGSEND = YES;
				ENABLE_TESTABILITY = YES;
				GCC_C_LANGUAGE_STANDARD = gnu11;
				GCC_DYNAMIC_NO_PIC = NO;
				GCC_NO_COMMON_BLOCKS = YES;
				GCC_OPTIMIZATION_LEVEL = 0;
				GCC_PREPROCESSOR_DEFINITIONS = (
					"DEBUG=1",
					"$(inherited)",
				);
				GCC_WARN_64_TO_32_BIT_CONVERSION = YES;
				GCC_WARN_ABOUT_RETURN_TYPE = YES_ERROR;
				GCC_WARN_UNDECLARED_SELECTOR = YES;
				GCC_WARN_UNINITIALIZED_AUTOS = YES_AGGRESSIVE;
				GCC_WARN_UNUSED_FUNCTION = YES;
				GCC_WARN_UNUSED_VARIABLE = YES;
				IPHONEOS_DEPLOYMENT_TARGET = 16.2;
				MTL_ENABLE_DEBUG_INFO = INCLUDE_SOURCE;
				MTL_FAST_MATH = YES;
				ONLY_ACTIVE_ARCH = YES;
				SDKROOT = iphoneos;
				SWIFT_ACTIVE_COMPILATION_CONDITIONS = DEBUG;
				SWIFT_OPTIMIZATION_LEVEL = "-Onone";
			};
			name = Debug;
		};
		BFDBB0DE298CACF700CBC32F /* Release */ = {
			isa = XCBuildConfiguration;
			buildSettings = {
				ALWAYS_SEARCH_USER_PATHS = NO;
				CLANG_ANALYZER_NONNULL = YES;
				CLANG_ANALYZER_NUMBER_OBJECT_CONVERSION = YES_AGGRESSIVE;
				CLANG_CXX_LANGUAGE_STANDARD = "gnu++20";
				CLANG_ENABLE_MODULES = YES;
				CLANG_ENABLE_OBJC_ARC = YES;
				CLANG_ENABLE_OBJC_WEAK = YES;
				CLANG_WARN_BLOCK_CAPTURE_AUTORELEASING = YES;
				CLANG_WARN_BOOL_CONVERSION = YES;
				CLANG_WARN_COMMA = YES;
				CLANG_WARN_CONSTANT_CONVERSION = YES;
				CLANG_WARN_DEPRECATED_OBJC_IMPLEMENTATIONS = YES;
				CLANG_WARN_DIRECT_OBJC_ISA_USAGE = YES_ERROR;
				CLANG_WARN_DOCUMENTATION_COMMENTS = YES;
				CLANG_WARN_EMPTY_BODY = YES;
				CLANG_WARN_ENUM_CONVERSION = YES;
				CLANG_WARN_INFINITE_RECURSION = YES;
				CLANG_WARN_INT_CONVERSION = YES;
				CLANG_WARN_NON_LITERAL_NULL_CONVERSION = YES;
				CLANG_WARN_OBJC_IMPLICIT_RETAIN_SELF = YES;
				CLANG_WARN_OBJC_LITERAL_CONVERSION = YES;
				CLANG_WARN_OBJC_ROOT_CLASS = YES_ERROR;
				CLANG_WARN_QUOTED_INCLUDE_IN_FRAMEWORK_HEADER = YES;
				CLANG_WARN_RANGE_LOOP_ANALYSIS = YES;
				CLANG_WARN_STRICT_PROTOTYPES = YES;
				CLANG_WARN_SUSPICIOUS_MOVE = YES;
				CLANG_WARN_UNGUARDED_AVAILABILITY = YES_AGGRESSIVE;
				CLANG_WARN_UNREACHABLE_CODE = YES;
				CLANG_WARN__DUPLICATE_METHOD_MATCH = YES;
				COPY_PHASE_STRIP = NO;
				DEBUG_INFORMATION_FORMAT = "dwarf-with-dsym";
				ENABLE_NS_ASSERTIONS = NO;
				ENABLE_STRICT_OBJC_MSGSEND = YES;
				GCC_C_LANGUAGE_STANDARD = gnu11;
				GCC_NO_COMMON_BLOCKS = YES;
				GCC_WARN_64_TO_32_BIT_CONVERSION = YES;
				GCC_WARN_ABOUT_RETURN_TYPE = YES_ERROR;
				GCC_WARN_UNDECLARED_SELECTOR = YES;
				GCC_WARN_UNINITIALIZED_AUTOS = YES_AGGRESSIVE;
				GCC_WARN_UNUSED_FUNCTION = YES;
				GCC_WARN_UNUSED_VARIABLE = YES;
				IPHONEOS_DEPLOYMENT_TARGET = 16.2;
				MTL_ENABLE_DEBUG_INFO = NO;
				MTL_FAST_MATH = YES;
				SDKROOT = iphoneos;
				SWIFT_COMPILATION_MODE = wholemodule;
				SWIFT_OPTIMIZATION_LEVEL = "-O";
				VALIDATE_PRODUCT = YES;
			};
			name = Release;
		};
		BFDBB0E0298CACF700CBC32F /* Debug */ = {
			isa = XCBuildConfiguration;
			buildSettings = {
				ASSETCATALOG_COMPILER_APPICON_NAME = AppIcon;
				ASSETCATALOG_COMPILER_GLOBAL_ACCENT_COLOR_NAME = AccentColor;
				CODE_SIGN_STYLE = Automatic;
				CURRENT_PROJECT_VERSION = 1;
				DEVELOPMENT_ASSET_PATHS = "\"Swift100_19_challenge/Preview Content\"";
				ENABLE_PREVIEWS = YES;
				GENERATE_INFOPLIST_FILE = YES;
				INFOPLIST_KEY_UIApplicationSceneManifest_Generation = YES;
				INFOPLIST_KEY_UIApplicationSupportsIndirectInputEvents = YES;
				INFOPLIST_KEY_UILaunchScreen_Generation = YES;
				INFOPLIST_KEY_UISupportedInterfaceOrientations_iPad = "UIInterfaceOrientationPortrait UIInterfaceOrientationPortraitUpsideDown UIInterfaceOrientationLandscapeLeft UIInterfaceOrientationLandscapeRight";
				INFOPLIST_KEY_UISupportedInterfaceOrientations_iPhone = "UIInterfaceOrientationPortrait UIInterfaceOrientationLandscapeLeft UIInterfaceOrientationLandscapeRight";
				LD_RUNPATH_SEARCH_PATHS = (
					"$(inherited)",
					"@executable_path/Frameworks",
				);
				MARKETING_VERSION = 1.0;
				PRODUCT_BUNDLE_IDENTIFIER = "JuicyE.Swift100-19-challenge";
				PRODUCT_NAME = "$(TARGET_NAME)";
				SWIFT_EMIT_LOC_STRINGS = YES;
				SWIFT_VERSION = 5.0;
				TARGETED_DEVICE_FAMILY = "1,2";
			};
			name = Debug;
		};
		BFDBB0E1298CACF700CBC32F /* Release */ = {
			isa = XCBuildConfiguration;
			buildSettings = {
				ASSETCATALOG_COMPILER_APPICON_NAME = AppIcon;
				ASSETCATALOG_COMPILER_GLOBAL_ACCENT_COLOR_NAME = AccentColor;
				CODE_SIGN_STYLE = Automatic;
				CURRENT_PROJECT_VERSION = 1;
				DEVELOPMENT_ASSET_PATHS = "\"Swift100_19_challenge/Preview Content\"";
				ENABLE_PREVIEWS = YES;
				GENERATE_INFOPLIST_FILE = YES;
				INFOPLIST_KEY_UIApplicationSceneManifest_Generation = YES;
				INFOPLIST_KEY_UIApplicationSupportsIndirectInputEvents = YES;
				INFOPLIST_KEY_UILaunchScreen_Generation = YES;
				INFOPLIST_KEY_UISupportedInterfaceOrientations_iPad = "UIInterfaceOrientationPortrait UIInterfaceOrientationPortraitUpsideDown UIInterfaceOrientationLandscapeLeft UIInterfaceOrientationLandscapeRight";
				INFOPLIST_KEY_UISupportedInterfaceOrientations_iPhone = "UIInterfaceOrientationPortrait UIInterfaceOrientationLandscapeLeft UIInterfaceOrientationLandscapeRight";
				LD_RUNPATH_SEARCH_PATHS = (
					"$(inherited)",
					"@executable_path/Frameworks",
				);
				MARKETING_VERSION = 1.0;
				PRODUCT_BUNDLE_IDENTIFIER = "JuicyE.Swift100-19-challenge";
				PRODUCT_NAME = "$(TARGET_NAME)";
				SWIFT_EMIT_LOC_STRINGS = YES;
				SWIFT_VERSION = 5.0;
				TARGETED_DEVICE_FAMILY = "1,2";
			};
			name = Release;
		};
		BFDBB0E3298CACF700CBC32F /* Debug */ = {
			isa = XCBuildConfiguration;
			buildSettings = {
				ALWAYS_EMBED_SWIFT_STANDARD_LIBRARIES = YES;
				BUNDLE_LOADER = "$(TEST_HOST)";
				CODE_SIGN_STYLE = Automatic;
				CURRENT_PROJECT_VERSION = 1;
				GENERATE_INFOPLIST_FILE = YES;
				IPHONEOS_DEPLOYMENT_TARGET = 16.2;
				MARKETING_VERSION = 1.0;
				PRODUCT_BUNDLE_IDENTIFIER = "JuicyE.Swift100-19-challengeTests";
				PRODUCT_NAME = "$(TARGET_NAME)";
				SWIFT_EMIT_LOC_STRINGS = NO;
				SWIFT_VERSION = 5.0;
				TARGETED_DEVICE_FAMILY = "1,2";
				TEST_HOST = "$(BUILT_PRODUCTS_DIR)/Swift100_19_challenge.app/$(BUNDLE_EXECUTABLE_FOLDER_PATH)/Swift100_19_challenge";
			};
			name = Debug;
		};
		BFDBB0E4298CACF700CBC32F /* Release */ = {
			isa = XCBuildConfiguration;
			buildSettings = {
				ALWAYS_EMBED_SWIFT_STANDARD_LIBRARIES = YES;
				BUNDLE_LOADER = "$(TEST_HOST)";
				CODE_SIGN_STYLE = Automatic;
				CURRENT_PROJECT_VERSION = 1;
				GENERATE_INFOPLIST_FILE = YES;
				IPHONEOS_DEPLOYMENT_TARGET = 16.2;
				MARKETING_VERSION = 1.0;
				PRODUCT_BUNDLE_IDENTIFIER = "JuicyE.Swift100-19-challengeTests";
				PRODUCT_NAME = "$(TARGET_NAME)";
				SWIFT_EMIT_LOC_STRINGS = NO;
				SWIFT_VERSION = 5.0;
				TARGETED_DEVICE_FAMILY = "1,2";
				TEST_HOST = "$(BUILT_PRODUCTS_DIR)/Swift100_19_challenge.app/$(BUNDLE_EXECUTABLE_FOLDER_PATH)/Swift100_19_challenge";
			};
			name = Release;
		};
		BFDBB0E6298CACF700CBC32F /* Debug */ = {
			isa = XCBuildConfiguration;
			buildSettings = {
				ALWAYS_EMBED_SWIFT_STANDARD_LIBRARIES = YES;
				CODE_SIGN_STYLE = Automatic;
				CURRENT_PROJECT_VERSION = 1;
				GENERATE_INFOPLIST_FILE = YES;
				MARKETING_VERSION = 1.0;
				PRODUCT_BUNDLE_IDENTIFIER = "JuicyE.Swift100-19-challengeUITests";
				PRODUCT_NAME = "$(TARGET_NAME)";
				SWIFT_EMIT_LOC_STRINGS = NO;
				SWIFT_VERSION = 5.0;
				TARGETED_DEVICE_FAMILY = "1,2";
				TEST_TARGET_NAME = Swift100_19_challenge;
			};
			name = Debug;
		};
		BFDBB0E7298CACF700CBC32F /* Release */ = {
			isa = XCBuildConfiguration;
			buildSettings = {
				ALWAYS_EMBED_SWIFT_STANDARD_LIBRARIES = YES;
				CODE_SIGN_STYLE = Automatic;
				CURRENT_PROJECT_VERSION = 1;
				GENERATE_INFOPLIST_FILE = YES;
				MARKETING_VERSION = 1.0;
				PRODUCT_BUNDLE_IDENTIFIER = "JuicyE.Swift100-19-challengeUITests";
				PRODUCT_NAME = "$(TARGET_NAME)";
				SWIFT_EMIT_LOC_STRINGS = NO;
				SWIFT_VERSION = 5.0;
				TARGETED_DEVICE_FAMILY = "1,2";
				TEST_TARGET_NAME = Swift100_19_challenge;
			};
			name = Release;
		};
/* End XCBuildConfiguration section */

/* Begin XCConfigurationList section */
		BFDBB0B6298CACF600CBC32F /* Build configuration list for PBXProject "Swift100_19_challenge" */ = {
			isa = XCConfigurationList;
			buildConfigurations = (
				BFDBB0DD298CACF700CBC32F /* Debug */,
				BFDBB0DE298CACF700CBC32F /* Release */,
			);
			defaultConfigurationIsVisible = 0;
			defaultConfigurationName = Release;
		};
		BFDBB0DF298CACF700CBC32F /* Build configuration list for PBXNativeTarget "Swift100_19_challenge" */ = {
			isa = XCConfigurationList;
			buildConfigurations = (
				BFDBB0E0298CACF700CBC32F /* Debug */,
				BFDBB0E1298CACF700CBC32F /* Release */,
			);
			defaultConfigurationIsVisible = 0;
			defaultConfigurationName = Release;
		};
		BFDBB0E2298CACF700CBC32F /* Build configuration list for PBXNativeTarget "Swift100_19_challengeTests" */ = {
			isa = XCConfigurationList;
			buildConfigurations = (
				BFDBB0E3298CACF700CBC32F /* Debug */,
				BFDBB0E4298CACF700CBC32F /* Release */,
			);
			defaultConfigurationIsVisible = 0;
			defaultConfigurationName = Release;
		};
		BFDBB0E5298CACF700CBC32F /* Build configuration list for PBXNativeTarget "Swift100_19_challengeUITests" */ = {
			isa = XCConfigurationList;
			buildConfigurations = (
				BFDBB0E6298CACF700CBC32F /* Debug */,
				BFDBB0E7298CACF700CBC32F /* Release */,
			);
			defaultConfigurationIsVisible = 0;
			defaultConfigurationName = Release;
		};
/* End XCConfigurationList section */
	};
	rootObject = BFDBB0B3298CACF600CBC32F /* Project object */;
}
