// !$*UTF8*$!
{
	archiveVersion = 1;
	classes = {
	};
	objectVersion = 56;
	objects = {

/* Begin PBXBuildFile section */
		BF72E7612998936A00D43C9A /* Swift100_37_iExpense_Project7App.swift in Sources */ = {isa = PBXBuildFile; fileRef = BF72E7602998936A00D43C9A /* Swift100_37_iExpense_Project7App.swift */; };
		BF72E7632998936A00D43C9A /* ContentView.swift in Sources */ = {isa = PBXBuildFile; fileRef = BF72E7622998936A00D43C9A /* ContentView.swift */; };
		BF72E7652998936B00D43C9A /* Assets.xcassets in Resources */ = {isa = PBXBuildFile; fileRef = BF72E7642998936B00D43C9A /* Assets.xcassets */; };
		BF72E7682998936B00D43C9A /* Preview Assets.xcassets in Resources */ = {isa = PBXBuildFile; fileRef = BF72E7672998936B00D43C9A /* Preview Assets.xcassets */; };
		BF72E7722998936B00D43C9A /* Swift100_37_iExpense_Project7Tests.swift in Sources */ = {isa = PBXBuildFile; fileRef = BF72E7712998936B00D43C9A /* Swift100_37_iExpense_Project7Tests.swift */; };
		BF72E77C2998936B00D43C9A /* Swift100_37_iExpense_Project7UITests.swift in Sources */ = {isa = PBXBuildFile; fileRef = BF72E77B2998936B00D43C9A /* Swift100_37_iExpense_Project7UITests.swift */; };
		BF72E77E2998936B00D43C9A /* Swift100_37_iExpense_Project7UITestsLaunchTests.swift in Sources */ = {isa = PBXBuildFile; fileRef = BF72E77D2998936B00D43C9A /* Swift100_37_iExpense_Project7UITestsLaunchTests.swift */; };
		BF72E78B2998937F00D43C9A /* Expense.swift in Sources */ = {isa = PBXBuildFile; fileRef = BF72E78A2998937F00D43C9A /* Expense.swift */; };
		BF72E78D299893D200D43C9A /* ExpenseItem.swift in Sources */ = {isa = PBXBuildFile; fileRef = BF72E78C299893D200D43C9A /* ExpenseItem.swift */; };
		BF72E7912998DA1900D43C9A /* addView.swift in Sources */ = {isa = PBXBuildFile; fileRef = BF72E7902998DA1900D43C9A /* addView.swift */; };
/* End PBXBuildFile section */

/* Begin PBXContainerItemProxy section */
		BF72E76E2998936B00D43C9A /* PBXContainerItemProxy */ = {
			isa = PBXContainerItemProxy;
			containerPortal = BF72E7552998936A00D43C9A /* Project object */;
			proxyType = 1;
			remoteGlobalIDString = BF72E75C2998936A00D43C9A;
			remoteInfo = Swift100_37_iExpense_Project7;
		};
		BF72E7782998936B00D43C9A /* PBXContainerItemProxy */ = {
			isa = PBXContainerItemProxy;
			containerPortal = BF72E7552998936A00D43C9A /* Project object */;
			proxyType = 1;
			remoteGlobalIDString = BF72E75C2998936A00D43C9A;
			remoteInfo = Swift100_37_iExpense_Project7;
		};
/* End PBXContainerItemProxy section */

/* Begin PBXFileReference section */
		BF72E75D2998936A00D43C9A /* Swift100_37_iExpense_Project7.app */ = {isa = PBXFileReference; explicitFileType = wrapper.application; includeInIndex = 0; path = Swift100_37_iExpense_Project7.app; sourceTree = BUILT_PRODUCTS_DIR; };
		BF72E7602998936A00D43C9A /* Swift100_37_iExpense_Project7App.swift */ = {isa = PBXFileReference; lastKnownFileType = sourcecode.swift; path = Swift100_37_iExpense_Project7App.swift; sourceTree = "<group>"; };
		BF72E7622998936A00D43C9A /* ContentView.swift */ = {isa = PBXFileReference; lastKnownFileType = sourcecode.swift; path = ContentView.swift; sourceTree = "<group>"; };
		BF72E7642998936B00D43C9A /* Assets.xcassets */ = {isa = PBXFileReference; lastKnownFileType = folder.assetcatalog; path = Assets.xcassets; sourceTree = "<group>"; };
		BF72E7672998936B00D43C9A /* Preview Assets.xcassets */ = {isa = PBXFileReference; lastKnownFileType = folder.assetcatalog; path = "Preview Assets.xcassets"; sourceTree = "<group>"; };
		BF72E76D2998936B00D43C9A /* Swift100_37_iExpense_Project7Tests.xctest */ = {isa = PBXFileReference; explicitFileType = wrapper.cfbundle; includeInIndex = 0; path = Swift100_37_iExpense_Project7Tests.xctest; sourceTree = BUILT_PRODUCTS_DIR; };
		BF72E7712998936B00D43C9A /* Swift100_37_iExpense_Project7Tests.swift */ = {isa = PBXFileReference; lastKnownFileType = sourcecode.swift; path = Swift100_37_iExpense_Project7Tests.swift; sourceTree = "<group>"; };
		BF72E7772998936B00D43C9A /* Swift100_37_iExpense_Project7UITests.xctest */ = {isa = PBXFileReference; explicitFileType = wrapper.cfbundle; includeInIndex = 0; path = Swift100_37_iExpense_Project7UITests.xctest; sourceTree = BUILT_PRODUCTS_DIR; };
		BF72E77B2998936B00D43C9A /* Swift100_37_iExpense_Project7UITests.swift */ = {isa = PBXFileReference; lastKnownFileType = sourcecode.swift; path = Swift100_37_iExpense_Project7UITests.swift; sourceTree = "<group>"; };
		BF72E77D2998936B00D43C9A /* Swift100_37_iExpense_Project7UITestsLaunchTests.swift */ = {isa = PBXFileReference; lastKnownFileType = sourcecode.swift; path = Swift100_37_iExpense_Project7UITestsLaunchTests.swift; sourceTree = "<group>"; };
		BF72E78A2998937F00D43C9A /* Expense.swift */ = {isa = PBXFileReference; lastKnownFileType = sourcecode.swift; path = Expense.swift; sourceTree = "<group>"; };
		BF72E78C299893D200D43C9A /* ExpenseItem.swift */ = {isa = PBXFileReference; lastKnownFileType = sourcecode.swift; path = ExpenseItem.swift; sourceTree = "<group>"; };
		BF72E7902998DA1900D43C9A /* addView.swift */ = {isa = PBXFileReference; lastKnownFileType = sourcecode.swift; path = addView.swift; sourceTree = "<group>"; };
/* End PBXFileReference section */

/* Begin PBXFrameworksBuildPhase section */
		BF72E75A2998936A00D43C9A /* Frameworks */ = {
			isa = PBXFrameworksBuildPhase;
			buildActionMask = 2147483647;
			files = (
			);
			runOnlyForDeploymentPostprocessing = 0;
		};
		BF72E76A2998936B00D43C9A /* Frameworks */ = {
			isa = PBXFrameworksBuildPhase;
			buildActionMask = 2147483647;
			files = (
			);
			runOnlyForDeploymentPostprocessing = 0;
		};
		BF72E7742998936B00D43C9A /* Frameworks */ = {
			isa = PBXFrameworksBuildPhase;
			buildActionMask = 2147483647;
			files = (
			);
			runOnlyForDeploymentPostprocessing = 0;
		};
/* End PBXFrameworksBuildPhase section */

/* Begin PBXGroup section */
		BF72E7542998936A00D43C9A = {
			isa = PBXGroup;
			children = (
				BF72E75F2998936A00D43C9A /* Swift100_37_iExpense_Project7 */,
				BF72E7702998936B00D43C9A /* Swift100_37_iExpense_Project7Tests */,
				BF72E77A2998936B00D43C9A /* Swift100_37_iExpense_Project7UITests */,
				BF72E75E2998936A00D43C9A /* Products */,
			);
			sourceTree = "<group>";
		};
		BF72E75E2998936A00D43C9A /* Products */ = {
			isa = PBXGroup;
			children = (
				BF72E75D2998936A00D43C9A /* Swift100_37_iExpense_Project7.app */,
				BF72E76D2998936B00D43C9A /* Swift100_37_iExpense_Project7Tests.xctest */,
				BF72E7772998936B00D43C9A /* Swift100_37_iExpense_Project7UITests.xctest */,
			);
			name = Products;
			sourceTree = "<group>";
		};
		BF72E75F2998936A00D43C9A /* Swift100_37_iExpense_Project7 */ = {
			isa = PBXGroup;
			children = (
				BF72E7602998936A00D43C9A /* Swift100_37_iExpense_Project7App.swift */,
				BF72E7622998936A00D43C9A /* ContentView.swift */,
				BF72E7902998DA1900D43C9A /* addView.swift */,
				BF72E78A2998937F00D43C9A /* Expense.swift */,
				BF72E78C299893D200D43C9A /* ExpenseItem.swift */,
				BF72E7642998936B00D43C9A /* Assets.xcassets */,
				BF72E7662998936B00D43C9A /* Preview Content */,
			);
			path = Swift100_37_iExpense_Project7;
			sourceTree = "<group>";
		};
		BF72E7662998936B00D43C9A /* Preview Content */ = {
			isa = PBXGroup;
			children = (
				BF72E7672998936B00D43C9A /* Preview Assets.xcassets */,
			);
			path = "Preview Content";
			sourceTree = "<group>";
		};
		BF72E7702998936B00D43C9A /* Swift100_37_iExpense_Project7Tests */ = {
			isa = PBXGroup;
			children = (
				BF72E7712998936B00D43C9A /* Swift100_37_iExpense_Project7Tests.swift */,
			);
			path = Swift100_37_iExpense_Project7Tests;
			sourceTree = "<group>";
		};
		BF72E77A2998936B00D43C9A /* Swift100_37_iExpense_Project7UITests */ = {
			isa = PBXGroup;
			children = (
				BF72E77B2998936B00D43C9A /* Swift100_37_iExpense_Project7UITests.swift */,
				BF72E77D2998936B00D43C9A /* Swift100_37_iExpense_Project7UITestsLaunchTests.swift */,
			);
			path = Swift100_37_iExpense_Project7UITests;
			sourceTree = "<group>";
		};
/* End PBXGroup section */

/* Begin PBXNativeTarget section */
		BF72E75C2998936A00D43C9A /* Swift100_37_iExpense_Project7 */ = {
			isa = PBXNativeTarget;
			buildConfigurationList = BF72E7812998936B00D43C9A /* Build configuration list for PBXNativeTarget "Swift100_37_iExpense_Project7" */;
			buildPhases = (
				BF72E7592998936A00D43C9A /* Sources */,
				BF72E75A2998936A00D43C9A /* Frameworks */,
				BF72E75B2998936A00D43C9A /* Resources */,
			);
			buildRules = (
			);
			dependencies = (
			);
			name = Swift100_37_iExpense_Project7;
			productName = Swift100_37_iExpense_Project7;
			productReference = BF72E75D2998936A00D43C9A /* Swift100_37_iExpense_Project7.app */;
			productType = "com.apple.product-type.application";
		};
		BF72E76C2998936B00D43C9A /* Swift100_37_iExpense_Project7Tests */ = {
			isa = PBXNativeTarget;
			buildConfigurationList = BF72E7842998936B00D43C9A /* Build configuration list for PBXNativeTarget "Swift100_37_iExpense_Project7Tests" */;
			buildPhases = (
				BF72E7692998936B00D43C9A /* Sources */,
				BF72E76A2998936B00D43C9A /* Frameworks */,
				BF72E76B2998936B00D43C9A /* Resources */,
			);
			buildRules = (
			);
			dependencies = (
				BF72E76F2998936B00D43C9A /* PBXTargetDependency */,
			);
			name = Swift100_37_iExpense_Project7Tests;
			productName = Swift100_37_iExpense_Project7Tests;
			productReference = BF72E76D2998936B00D43C9A /* Swift100_37_iExpense_Project7Tests.xctest */;
			productType = "com.apple.product-type.bundle.unit-test";
		};
		BF72E7762998936B00D43C9A /* Swift100_37_iExpense_Project7UITests */ = {
			isa = PBXNativeTarget;
			buildConfigurationList = BF72E7872998936B00D43C9A /* Build configuration list for PBXNativeTarget "Swift100_37_iExpense_Project7UITests" */;
			buildPhases = (
				BF72E7732998936B00D43C9A /* Sources */,
				BF72E7742998936B00D43C9A /* Frameworks */,
				BF72E7752998936B00D43C9A /* Resources */,
			);
			buildRules = (
			);
			dependencies = (
				BF72E7792998936B00D43C9A /* PBXTargetDependency */,
			);
			name = Swift100_37_iExpense_Project7UITests;
			productName = Swift100_37_iExpense_Project7UITests;
			productReference = BF72E7772998936B00D43C9A /* Swift100_37_iExpense_Project7UITests.xctest */;
			productType = "com.apple.product-type.bundle.ui-testing";
		};
/* End PBXNativeTarget section */

/* Begin PBXProject section */
		BF72E7552998936A00D43C9A /* Project object */ = {
			isa = PBXProject;
			attributes = {
				BuildIndependentTargetsInParallel = 1;
				LastSwiftUpdateCheck = 1420;
				LastUpgradeCheck = 1420;
				TargetAttributes = {
					BF72E75C2998936A00D43C9A = {
						CreatedOnToolsVersion = 14.2;
					};
					BF72E76C2998936B00D43C9A = {
						CreatedOnToolsVersion = 14.2;
						TestTargetID = BF72E75C2998936A00D43C9A;
					};
					BF72E7762998936B00D43C9A = {
						CreatedOnToolsVersion = 14.2;
						TestTargetID = BF72E75C2998936A00D43C9A;
					};
				};
			};
			buildConfigurationList = BF72E7582998936A00D43C9A /* Build configuration list for PBXProject "Swift100_37_iExpense_Project7" */;
			compatibilityVersion = "Xcode 14.0";
			developmentRegion = en;
			hasScannedForEncodings = 0;
			knownRegions = (
				en,
				Base,
			);
			mainGroup = BF72E7542998936A00D43C9A;
			productRefGroup = BF72E75E2998936A00D43C9A /* Products */;
			projectDirPath = "";
			projectRoot = "";
			targets = (
				BF72E75C2998936A00D43C9A /* Swift100_37_iExpense_Project7 */,
				BF72E76C2998936B00D43C9A /* Swift100_37_iExpense_Project7Tests */,
				BF72E7762998936B00D43C9A /* Swift100_37_iExpense_Project7UITests */,
			);
		};
/* End PBXProject section */

/* Begin PBXResourcesBuildPhase section */
		BF72E75B2998936A00D43C9A /* Resources */ = {
			isa = PBXResourcesBuildPhase;
			buildActionMask = 2147483647;
			files = (
				BF72E7682998936B00D43C9A /* Preview Assets.xcassets in Resources */,
				BF72E7652998936B00D43C9A /* Assets.xcassets in Resources */,
			);
			runOnlyForDeploymentPostprocessing = 0;
		};
		BF72E76B2998936B00D43C9A /* Resources */ = {
			isa = PBXResourcesBuildPhase;
			buildActionMask = 2147483647;
			files = (
			);
			runOnlyForDeploymentPostprocessing = 0;
		};
		BF72E7752998936B00D43C9A /* Resources */ = {
			isa = PBXResourcesBuildPhase;
			buildActionMask = 2147483647;
			files = (
			);
			runOnlyForDeploymentPostprocessing = 0;
		};
/* End PBXResourcesBuildPhase section */

/* Begin PBXSourcesBuildPhase section */
		BF72E7592998936A00D43C9A /* Sources */ = {
			isa = PBXSourcesBuildPhase;
			buildActionMask = 2147483647;
			files = (
				BF72E78B2998937F00D43C9A /* Expense.swift in Sources */,
				BF72E7632998936A00D43C9A /* ContentView.swift in Sources */,
				BF72E7612998936A00D43C9A /* Swift100_37_iExpense_Project7App.swift in Sources */,
				BF72E7912998DA1900D43C9A /* addView.swift in Sources */,
				BF72E78D299893D200D43C9A /* ExpenseItem.swift in Sources */,
			);
			runOnlyForDeploymentPostprocessing = 0;
		};
		BF72E7692998936B00D43C9A /* Sources */ = {
			isa = PBXSourcesBuildPhase;
			buildActionMask = 2147483647;
			files = (
				BF72E7722998936B00D43C9A /* Swift100_37_iExpense_Project7Tests.swift in Sources */,
			);
			runOnlyForDeploymentPostprocessing = 0;
		};
		BF72E7732998936B00D43C9A /* Sources */ = {
			isa = PBXSourcesBuildPhase;
			buildActionMask = 2147483647;
			files = (
				BF72E77C2998936B00D43C9A /* Swift100_37_iExpense_Project7UITests.swift in Sources */,
				BF72E77E2998936B00D43C9A /* Swift100_37_iExpense_Project7UITestsLaunchTests.swift in Sources */,
			);
			runOnlyForDeploymentPostprocessing = 0;
		};
/* End PBXSourcesBuildPhase section */

/* Begin PBXTargetDependency section */
		BF72E76F2998936B00D43C9A /* PBXTargetDependency */ = {
			isa = PBXTargetDependency;
			target = BF72E75C2998936A00D43C9A /* Swift100_37_iExpense_Project7 */;
			targetProxy = BF72E76E2998936B00D43C9A /* PBXContainerItemProxy */;
		};
		BF72E7792998936B00D43C9A /* PBXTargetDependency */ = {
			isa = PBXTargetDependency;
			target = BF72E75C2998936A00D43C9A /* Swift100_37_iExpense_Project7 */;
			targetProxy = BF72E7782998936B00D43C9A /* PBXContainerItemProxy */;
		};
/* End PBXTargetDependency section */

/* Begin XCBuildConfiguration section */
		BF72E77F2998936B00D43C9A /* Debug */ = {
			isa = XCBuildConfiguration;
			buildSettings = {
				ALWAYS_SEARCH_USER_PATHS = NO;
				CLANG_ANALYZER_NONNULL = YES;
				CLANG_ANALYZER_NUMBER_OBJECT_CONVERSION = YES_AGGRESSIVE;
				CLANG_CXX_LANGUAGE_STANDARD = "gnu++20";
				CLANG_ENABLE_MODULES = YES;
				CLANG_ENABLE_OBJC_ARC = YES;
				CLANG_ENABLE_OBJC_WEAK = YES;
				CLANG_WARN_BLOCK_CAPTURE_AUTORELEASING = YES;
				CLANG_WARN_BOOL_CONVERSION = YES;
				CLANG_WARN_COMMA = YES;
				CLANG_WARN_CONSTANT_CONVERSION = YES;
				CLANG_WARN_DEPRECATED_OBJC_IMPLEMENTATIONS = YES;
				CLANG_WARN_DIRECT_OBJC_ISA_USAGE = YES_ERROR;
				CLANG_WARN_DOCUMENTATION_COMMENTS = YES;
				CLANG_WARN_EMPTY_BODY = YES;
				CLANG_WARN_ENUM_CONVERSION = YES;
				CLANG_WARN_INFINITE_RECURSION = YES;
				CLANG_WARN_INT_CONVERSION = YES;
				CLANG_WARN_NON_LITERAL_NULL_CONVERSION = YES;
				CLANG_WARN_OBJC_IMPLICIT_RETAIN_SELF = YES;
				CLANG_WARN_OBJC_LITERAL_CONVERSION = YES;
				CLANG_WARN_OBJC_ROOT_CLASS = YES_ERROR;
				CLANG_WARN_QUOTED_INCLUDE_IN_FRAMEWORK_HEADER = YES;
				CLANG_WARN_RANGE_LOOP_ANALYSIS = YES;
				CLANG_WARN_STRICT_PROTOTYPES = YES;
				CLANG_WARN_SUSPICIOUS_MOVE = YES;
				CLANG_WARN_UNGUARDED_AVAILABILITY = YES_AGGRESSIVE;
				CLANG_WARN_UNREACHABLE_CODE = YES;
				CLANG_WARN__DUPLICATE_METHOD_MATCH = YES;
				COPY_PHASE_STRIP = NO;
				DEBUG_INFORMATION_FORMAT = dwarf;
				ENABLE_STRICT_OBJC_MSGSEND = YES;
				ENABLE_TESTABILITY = YES;
				GCC_C_LANGUAGE_STANDARD = gnu11;
				GCC_DYNAMIC_NO_PIC = NO;
				GCC_NO_COMMON_BLOCKS = YES;
				GCC_OPTIMIZATION_LEVEL = 0;
				GCC_PREPROCESSOR_DEFINITIONS = (
					"DEBUG=1",
					"$(inherited)",
				);
				GCC_WARN_64_TO_32_BIT_CONVERSION = YES;
				GCC_WARN_ABOUT_RETURN_TYPE = YES_ERROR;
				GCC_WARN_UNDECLARED_SELECTOR = YES;
				GCC_WARN_UNINITIALIZED_AUTOS = YES_AGGRESSIVE;
				GCC_WARN_UNUSED_FUNCTION = YES;
				GCC_WARN_UNUSED_VARIABLE = YES;
				IPHONEOS_DEPLOYMENT_TARGET = 16.2;
				MTL_ENABLE_DEBUG_INFO = INCLUDE_SOURCE;
				MTL_FAST_MATH = YES;
				ONLY_ACTIVE_ARCH = YES;
				SDKROOT = iphoneos;
				SWIFT_ACTIVE_COMPILATION_CONDITIONS = DEBUG;
				SWIFT_OPTIMIZATION_LEVEL = "-Onone";
			};
			name = Debug;
		};
		BF72E7802998936B00D43C9A /* Release */ = {
			isa = XCBuildConfiguration;
			buildSettings = {
				ALWAYS_SEARCH_USER_PATHS = NO;
				CLANG_ANALYZER_NONNULL = YES;
				CLANG_ANALYZER_NUMBER_OBJECT_CONVERSION = YES_AGGRESSIVE;
				CLANG_CXX_LANGUAGE_STANDARD = "gnu++20";
				CLANG_ENABLE_MODULES = YES;
				CLANG_ENABLE_OBJC_ARC = YES;
				CLANG_ENABLE_OBJC_WEAK = YES;
				CLANG_WARN_BLOCK_CAPTURE_AUTORELEASING = YES;
				CLANG_WARN_BOOL_CONVERSION = YES;
				CLANG_WARN_COMMA = YES;
				CLANG_WARN_CONSTANT_CONVERSION = YES;
				CLANG_WARN_DEPRECATED_OBJC_IMPLEMENTATIONS = YES;
				CLANG_WARN_DIRECT_OBJC_ISA_USAGE = YES_ERROR;
				CLANG_WARN_DOCUMENTATION_COMMENTS = YES;
				CLANG_WARN_EMPTY_BODY = YES;
				CLANG_WARN_ENUM_CONVERSION = YES;
				CLANG_WARN_INFINITE_RECURSION = YES;
				CLANG_WARN_INT_CONVERSION = YES;
				CLANG_WARN_NON_LITERAL_NULL_CONVERSION = YES;
				CLANG_WARN_OBJC_IMPLICIT_RETAIN_SELF = YES;
				CLANG_WARN_OBJC_LITERAL_CONVERSION = YES;
				CLANG_WARN_OBJC_ROOT_CLASS = YES_ERROR;
				CLANG_WARN_QUOTED_INCLUDE_IN_FRAMEWORK_HEADER = YES;
				CLANG_WARN_RANGE_LOOP_ANALYSIS = YES;
				CLANG_WARN_STRICT_PROTOTYPES = YES;
				CLANG_WARN_SUSPICIOUS_MOVE = YES;
				CLANG_WARN_UNGUARDED_AVAILABILITY = YES_AGGRESSIVE;
				CLANG_WARN_UNREACHABLE_CODE = YES;
				CLANG_WARN__DUPLICATE_METHOD_MATCH = YES;
				COPY_PHASE_STRIP = NO;
				DEBUG_INFORMATION_FORMAT = "dwarf-with-dsym";
				ENABLE_NS_ASSERTIONS = NO;
				ENABLE_STRICT_OBJC_MSGSEND = YES;
				GCC_C_LANGUAGE_STANDARD = gnu11;
				GCC_NO_COMMON_BLOCKS = YES;
				GCC_WARN_64_TO_32_BIT_CONVERSION = YES;
				GCC_WARN_ABOUT_RETURN_TYPE = YES_ERROR;
				GCC_WARN_UNDECLARED_SELECTOR = YES;
				GCC_WARN_UNINITIALIZED_AUTOS = YES_AGGRESSIVE;
				GCC_WARN_UNUSED_FUNCTION = YES;
				GCC_WARN_UNUSED_VARIABLE = YES;
				IPHONEOS_DEPLOYMENT_TARGET = 16.2;
				MTL_ENABLE_DEBUG_INFO = NO;
				MTL_FAST_MATH = YES;
				SDKROOT = iphoneos;
				SWIFT_COMPILATION_MODE = wholemodule;
				SWIFT_OPTIMIZATION_LEVEL = "-O";
				VALIDATE_PRODUCT = YES;
			};
			name = Release;
		};
		BF72E7822998936B00D43C9A /* Debug */ = {
			isa = XCBuildConfiguration;
			buildSettings = {
				ASSETCATALOG_COMPILER_APPICON_NAME = AppIcon;
				ASSETCATALOG_COMPILER_GLOBAL_ACCENT_COLOR_NAME = AccentColor;
				CODE_SIGN_STYLE = Automatic;
				CURRENT_PROJECT_VERSION = 1;
				DEVELOPMENT_ASSET_PATHS = "\"Swift100_37_iExpense_Project7/Preview Content\"";
				ENABLE_PREVIEWS = YES;
				GENERATE_INFOPLIST_FILE = YES;
				INFOPLIST_KEY_UIApplicationSceneManifest_Generation = YES;
				INFOPLIST_KEY_UIApplicationSupportsIndirectInputEvents = YES;
				INFOPLIST_KEY_UILaunchScreen_Generation = YES;
				INFOPLIST_KEY_UISupportedInterfaceOrientations_iPad = "UIInterfaceOrientationPortrait UIInterfaceOrientationPortraitUpsideDown UIInterfaceOrientationLandscapeLeft UIInterfaceOrientationLandscapeRight";
				INFOPLIST_KEY_UISupportedInterfaceOrientations_iPhone = "UIInterfaceOrientationPortrait UIInterfaceOrientationLandscapeLeft UIInterfaceOrientationLandscapeRight";
				LD_RUNPATH_SEARCH_PATHS = (
					"$(inherited)",
					"@executable_path/Frameworks",
				);
				MARKETING_VERSION = 1.0;
				PRODUCT_BUNDLE_IDENTIFIER = "JuicyE.Swift100-37-iExpense-Project7";
				PRODUCT_NAME = "$(TARGET_NAME)";
				SWIFT_EMIT_LOC_STRINGS = YES;
				SWIFT_VERSION = 5.0;
				TARGETED_DEVICE_FAMILY = "1,2";
			};
			name = Debug;
		};
		BF72E7832998936B00D43C9A /* Release */ = {
			isa = XCBuildConfiguration;
			buildSettings = {
				ASSETCATALOG_COMPILER_APPICON_NAME = AppIcon;
				ASSETCATALOG_COMPILER_GLOBAL_ACCENT_COLOR_NAME = AccentColor;
				CODE_SIGN_STYLE = Automatic;
				CURRENT_PROJECT_VERSION = 1;
				DEVELOPMENT_ASSET_PATHS = "\"Swift100_37_iExpense_Project7/Preview Content\"";
				ENABLE_PREVIEWS = YES;
				GENERATE_INFOPLIST_FILE = YES;
				INFOPLIST_KEY_UIApplicationSceneManifest_Generation = YES;
				INFOPLIST_KEY_UIApplicationSupportsIndirectInputEvents = YES;
				INFOPLIST_KEY_UILaunchScreen_Generation = YES;
				INFOPLIST_KEY_UISupportedInterfaceOrientations_iPad = "UIInterfaceOrientationPortrait UIInterfaceOrientationPortraitUpsideDown UIInterfaceOrientationLandscapeLeft UIInterfaceOrientationLandscapeRight";
				INFOPLIST_KEY_UISupportedInterfaceOrientations_iPhone = "UIInterfaceOrientationPortrait UIInterfaceOrientationLandscapeLeft UIInterfaceOrientationLandscapeRight";
				LD_RUNPATH_SEARCH_PATHS = (
					"$(inherited)",
					"@executable_path/Frameworks",
				);
				MARKETING_VERSION = 1.0;
				PRODUCT_BUNDLE_IDENTIFIER = "JuicyE.Swift100-37-iExpense-Project7";
				PRODUCT_NAME = "$(TARGET_NAME)";
				SWIFT_EMIT_LOC_STRINGS = YES;
				SWIFT_VERSION = 5.0;
				TARGETED_DEVICE_FAMILY = "1,2";
			};
			name = Release;
		};
		BF72E7852998936B00D43C9A /* Debug */ = {
			isa = XCBuildConfiguration;
			buildSettings = {
				ALWAYS_EMBED_SWIFT_STANDARD_LIBRARIES = YES;
				BUNDLE_LOADER = "$(TEST_HOST)";
				CODE_SIGN_STYLE = Automatic;
				CURRENT_PROJECT_VERSION = 1;
				GENERATE_INFOPLIST_FILE = YES;
				IPHONEOS_DEPLOYMENT_TARGET = 16.2;
				MARKETING_VERSION = 1.0;
				PRODUCT_BUNDLE_IDENTIFIER = "JuicyE.Swift100-37-iExpense-Project7Tests";
				PRODUCT_NAME = "$(TARGET_NAME)";
				SWIFT_EMIT_LOC_STRINGS = NO;
				SWIFT_VERSION = 5.0;
				TARGETED_DEVICE_FAMILY = "1,2";
				TEST_HOST = "$(BUILT_PRODUCTS_DIR)/Swift100_37_iExpense_Project7.app/$(BUNDLE_EXECUTABLE_FOLDER_PATH)/Swift100_37_iExpense_Project7";
			};
			name = Debug;
		};
		BF72E7862998936B00D43C9A /* Release */ = {
			isa = XCBuildConfiguration;
			buildSettings = {
				ALWAYS_EMBED_SWIFT_STANDARD_LIBRARIES = YES;
				BUNDLE_LOADER = "$(TEST_HOST)";
				CODE_SIGN_STYLE = Automatic;
				CURRENT_PROJECT_VERSION = 1;
				GENERATE_INFOPLIST_FILE = YES;
				IPHONEOS_DEPLOYMENT_TARGET = 16.2;
				MARKETING_VERSION = 1.0;
				PRODUCT_BUNDLE_IDENTIFIER = "JuicyE.Swift100-37-iExpense-Project7Tests";
				PRODUCT_NAME = "$(TARGET_NAME)";
				SWIFT_EMIT_LOC_STRINGS = NO;
				SWIFT_VERSION = 5.0;
				TARGETED_DEVICE_FAMILY = "1,2";
				TEST_HOST = "$(BUILT_PRODUCTS_DIR)/Swift100_37_iExpense_Project7.app/$(BUNDLE_EXECUTABLE_FOLDER_PATH)/Swift100_37_iExpense_Project7";
			};
			name = Release;
		};
		BF72E7882998936B00D43C9A /* Debug */ = {
			isa = XCBuildConfiguration;
			buildSettings = {
				ALWAYS_EMBED_SWIFT_STANDARD_LIBRARIES = YES;
				CODE_SIGN_STYLE = Automatic;
				CURRENT_PROJECT_VERSION = 1;
				GENERATE_INFOPLIST_FILE = YES;
				MARKETING_VERSION = 1.0;
				PRODUCT_BUNDLE_IDENTIFIER = "JuicyE.Swift100-37-iExpense-Project7UITests";
				PRODUCT_NAME = "$(TARGET_NAME)";
				SWIFT_EMIT_LOC_STRINGS = NO;
				SWIFT_VERSION = 5.0;
				TARGETED_DEVICE_FAMILY = "1,2";
				TEST_TARGET_NAME = Swift100_37_iExpense_Project7;
			};
			name = Debug;
		};
		BF72E7892998936B00D43C9A /* Release */ = {
			isa = XCBuildConfiguration;
			buildSettings = {
				ALWAYS_EMBED_SWIFT_STANDARD_LIBRARIES = YES;
				CODE_SIGN_STYLE = Automatic;
				CURRENT_PROJECT_VERSION = 1;
				GENERATE_INFOPLIST_FILE = YES;
				MARKETING_VERSION = 1.0;
				PRODUCT_BUNDLE_IDENTIFIER = "JuicyE.Swift100-37-iExpense-Project7UITests";
				PRODUCT_NAME = "$(TARGET_NAME)";
				SWIFT_EMIT_LOC_STRINGS = NO;
				SWIFT_VERSION = 5.0;
				TARGETED_DEVICE_FAMILY = "1,2";
				TEST_TARGET_NAME = Swift100_37_iExpense_Project7;
			};
			name = Release;
		};
/* End XCBuildConfiguration section */

/* Begin XCConfigurationList section */
		BF72E7582998936A00D43C9A /* Build configuration list for PBXProject "Swift100_37_iExpense_Project7" */ = {
			isa = XCConfigurationList;
			buildConfigurations = (
				BF72E77F2998936B00D43C9A /* Debug */,
				BF72E7802998936B00D43C9A /* Release */,
			);
			defaultConfigurationIsVisible = 0;
			defaultConfigurationName = Release;
		};
		BF72E7812998936B00D43C9A /* Build configuration list for PBXNativeTarget "Swift100_37_iExpense_Project7" */ = {
			isa = XCConfigurationList;
			buildConfigurations = (
				BF72E7822998936B00D43C9A /* Debug */,
				BF72E7832998936B00D43C9A /* Release */,
			);
			defaultConfigurationIsVisible = 0;
			defaultConfigurationName = Release;
		};
		BF72E7842998936B00D43C9A /* Build configuration list for PBXNativeTarget "Swift100_37_iExpense_Project7Tests" */ = {
			isa = XCConfigurationList;
			buildConfigurations = (
				BF72E7852998936B00D43C9A /* Debug */,
				BF72E7862998936B00D43C9A /* Release */,
			);
			defaultConfigurationIsVisible = 0;
			defaultConfigurationName = Release;
		};
		BF72E7872998936B00D43C9A /* Build configuration list for PBXNativeTarget "Swift100_37_iExpense_Project7UITests" */ = {
			isa = XCConfigurationList;
			buildConfigurations = (
				BF72E7882998936B00D43C9A /* Debug */,
				BF72E7892998936B00D43C9A /* Release */,
			);
			defaultConfigurationIsVisible = 0;
			defaultConfigurationName = Release;
		};
/* End XCConfigurationList section */
	};
	rootObject = BF72E7552998936A00D43C9A /* Project object */;
}
