// !$*UTF8*$!
{
	archiveVersion = 1;
	classes = {
	};
	objectVersion = 56;
	objects = {

/* Begin PBXBuildFile section */
		BFDBB1CD2991029A00CBC32F /* Swift100_28_BetterRestApp.swift in Sources */ = {isa = PBXBuildFile; fileRef = BFDBB1CC2991029A00CBC32F /* Swift100_28_BetterRestApp.swift */; };
		BFDBB1CF2991029A00CBC32F /* ContentView.swift in Sources */ = {isa = PBXBuildFile; fileRef = BFDBB1CE2991029A00CBC32F /* ContentView.swift */; };
		BFDBB1D12991029C00CBC32F /* Assets.xcassets in Resources */ = {isa = PBXBuildFile; fileRef = BFDBB1D02991029C00CBC32F /* Assets.xcassets */; };
		BFDBB1D42991029C00CBC32F /* Preview Assets.xcassets in Resources */ = {isa = PBXBuildFile; fileRef = BFDBB1D32991029C00CBC32F /* Preview Assets.xcassets */; };
		BFDBB1DE2991029C00CBC32F /* Swift100_28_BetterRestTests.swift in Sources */ = {isa = PBXBuildFile; fileRef = BFDBB1DD2991029C00CBC32F /* Swift100_28_BetterRestTests.swift */; };
		BFDBB1E82991029C00CBC32F /* Swift100_28_BetterRestUITests.swift in Sources */ = {isa = PBXBuildFile; fileRef = BFDBB1E72991029C00CBC32F /* Swift100_28_BetterRestUITests.swift */; };
		BFDBB1EA2991029C00CBC32F /* Swift100_28_BetterRestUITestsLaunchTests.swift in Sources */ = {isa = PBXBuildFile; fileRef = BFDBB1E92991029C00CBC32F /* Swift100_28_BetterRestUITestsLaunchTests.swift */; };
		BFDBB1F72991195300CBC32F /* SleepCalculator.mlmodel in Sources */ = {isa = PBXBuildFile; fileRef = BFDBB1F62991195300CBC32F /* SleepCalculator.mlmodel */; };
/* End PBXBuildFile section */

/* Begin PBXContainerItemProxy section */
		BFDBB1DA2991029C00CBC32F /* PBXContainerItemProxy */ = {
			isa = PBXContainerItemProxy;
			containerPortal = BFDBB1C12991029A00CBC32F /* Project object */;
			proxyType = 1;
			remoteGlobalIDString = BFDBB1C82991029A00CBC32F;
			remoteInfo = Swift100_28_BetterRest;
		};
		BFDBB1E42991029C00CBC32F /* PBXContainerItemProxy */ = {
			isa = PBXContainerItemProxy;
			containerPortal = BFDBB1C12991029A00CBC32F /* Project object */;
			proxyType = 1;
			remoteGlobalIDString = BFDBB1C82991029A00CBC32F;
			remoteInfo = Swift100_28_BetterRest;
		};
/* End PBXContainerItemProxy section */

/* Begin PBXFileReference section */
		BFDBB1C92991029A00CBC32F /* Swift100_28_BetterRest.app */ = {isa = PBXFileReference; explicitFileType = wrapper.application; includeInIndex = 0; path = Swift100_28_BetterRest.app; sourceTree = BUILT_PRODUCTS_DIR; };
		BFDBB1CC2991029A00CBC32F /* Swift100_28_BetterRestApp.swift */ = {isa = PBXFileReference; lastKnownFileType = sourcecode.swift; path = Swift100_28_BetterRestApp.swift; sourceTree = "<group>"; };
		BFDBB1CE2991029A00CBC32F /* ContentView.swift */ = {isa = PBXFileReference; lastKnownFileType = sourcecode.swift; path = ContentView.swift; sourceTree = "<group>"; };
		BFDBB1D02991029C00CBC32F /* Assets.xcassets */ = {isa = PBXFileReference; lastKnownFileType = folder.assetcatalog; path = Assets.xcassets; sourceTree = "<group>"; };
		BFDBB1D32991029C00CBC32F /* Preview Assets.xcassets */ = {isa = PBXFileReference; lastKnownFileType = folder.assetcatalog; path = "Preview Assets.xcassets"; sourceTree = "<group>"; };
		BFDBB1D92991029C00CBC32F /* Swift100_28_BetterRestTests.xctest */ = {isa = PBXFileReference; explicitFileType = wrapper.cfbundle; includeInIndex = 0; path = Swift100_28_BetterRestTests.xctest; sourceTree = BUILT_PRODUCTS_DIR; };
		BFDBB1DD2991029C00CBC32F /* Swift100_28_BetterRestTests.swift */ = {isa = PBXFileReference; lastKnownFileType = sourcecode.swift; path = Swift100_28_BetterRestTests.swift; sourceTree = "<group>"; };
		BFDBB1E32991029C00CBC32F /* Swift100_28_BetterRestUITests.xctest */ = {isa = PBXFileReference; explicitFileType = wrapper.cfbundle; includeInIndex = 0; path = Swift100_28_BetterRestUITests.xctest; sourceTree = BUILT_PRODUCTS_DIR; };
		BFDBB1E72991029C00CBC32F /* Swift100_28_BetterRestUITests.swift */ = {isa = PBXFileReference; lastKnownFileType = sourcecode.swift; path = Swift100_28_BetterRestUITests.swift; sourceTree = "<group>"; };
		BFDBB1E92991029C00CBC32F /* Swift100_28_BetterRestUITestsLaunchTests.swift */ = {isa = PBXFileReference; lastKnownFileType = sourcecode.swift; path = Swift100_28_BetterRestUITestsLaunchTests.swift; sourceTree = "<group>"; };
		BFDBB1F62991195300CBC32F /* SleepCalculator.mlmodel */ = {isa = PBXFileReference; lastKnownFileType = file.mlmodel; path = SleepCalculator.mlmodel; sourceTree = SOURCE_ROOT; };
/* End PBXFileReference section */

/* Begin PBXFrameworksBuildPhase section */
		BFDBB1C62991029A00CBC32F /* Frameworks */ = {
			isa = PBXFrameworksBuildPhase;
			buildActionMask = 2147483647;
			files = (
			);
			runOnlyForDeploymentPostprocessing = 0;
		};
		BFDBB1D62991029C00CBC32F /* Frameworks */ = {
			isa = PBXFrameworksBuildPhase;
			buildActionMask = 2147483647;
			files = (
			);
			runOnlyForDeploymentPostprocessing = 0;
		};
		BFDBB1E02991029C00CBC32F /* Frameworks */ = {
			isa = PBXFrameworksBuildPhase;
			buildActionMask = 2147483647;
			files = (
			);
			runOnlyForDeploymentPostprocessing = 0;
		};
/* End PBXFrameworksBuildPhase section */

/* Begin PBXGroup section */
		BFDBB1C02991029A00CBC32F = {
			isa = PBXGroup;
			children = (
				BFDBB1CB2991029A00CBC32F /* Swift100_28_BetterRest */,
				BFDBB1DC2991029C00CBC32F /* Swift100_28_BetterRestTests */,
				BFDBB1E62991029C00CBC32F /* Swift100_28_BetterRestUITests */,
				BFDBB1CA2991029A00CBC32F /* Products */,
			);
			sourceTree = "<group>";
		};
		BFDBB1CA2991029A00CBC32F /* Products */ = {
			isa = PBXGroup;
			children = (
				BFDBB1C92991029A00CBC32F /* Swift100_28_BetterRest.app */,
				BFDBB1D92991029C00CBC32F /* Swift100_28_BetterRestTests.xctest */,
				BFDBB1E32991029C00CBC32F /* Swift100_28_BetterRestUITests.xctest */,
			);
			name = Products;
			sourceTree = "<group>";
		};
		BFDBB1CB2991029A00CBC32F /* Swift100_28_BetterRest */ = {
			isa = PBXGroup;
			children = (
				BFDBB1CC2991029A00CBC32F /* Swift100_28_BetterRestApp.swift */,
				BFDBB1CE2991029A00CBC32F /* ContentView.swift */,
				BFDBB1F62991195300CBC32F /* SleepCalculator.mlmodel */,
				BFDBB1D02991029C00CBC32F /* Assets.xcassets */,
				BFDBB1D22991029C00CBC32F /* Preview Content */,
			);
			path = Swift100_28_BetterRest;
			sourceTree = "<group>";
		};
		BFDBB1D22991029C00CBC32F /* Preview Content */ = {
			isa = PBXGroup;
			children = (
				BFDBB1D32991029C00CBC32F /* Preview Assets.xcassets */,
			);
			path = "Preview Content";
			sourceTree = "<group>";
		};
		BFDBB1DC2991029C00CBC32F /* Swift100_28_BetterRestTests */ = {
			isa = PBXGroup;
			children = (
				BFDBB1DD2991029C00CBC32F /* Swift100_28_BetterRestTests.swift */,
			);
			path = Swift100_28_BetterRestTests;
			sourceTree = "<group>";
		};
		BFDBB1E62991029C00CBC32F /* Swift100_28_BetterRestUITests */ = {
			isa = PBXGroup;
			children = (
				BFDBB1E72991029C00CBC32F /* Swift100_28_BetterRestUITests.swift */,
				BFDBB1E92991029C00CBC32F /* Swift100_28_BetterRestUITestsLaunchTests.swift */,
			);
			path = Swift100_28_BetterRestUITests;
			sourceTree = "<group>";
		};
/* End PBXGroup section */

/* Begin PBXNativeTarget section */
		BFDBB1C82991029A00CBC32F /* Swift100_28_BetterRest */ = {
			isa = PBXNativeTarget;
			buildConfigurationList = BFDBB1ED2991029C00CBC32F /* Build configuration list for PBXNativeTarget "Swift100_28_BetterRest" */;
			buildPhases = (
				BFDBB1C52991029A00CBC32F /* Sources */,
				BFDBB1C62991029A00CBC32F /* Frameworks */,
				BFDBB1C72991029A00CBC32F /* Resources */,
			);
			buildRules = (
			);
			dependencies = (
			);
			name = Swift100_28_BetterRest;
			productName = Swift100_28_BetterRest;
			productReference = BFDBB1C92991029A00CBC32F /* Swift100_28_BetterRest.app */;
			productType = "com.apple.product-type.application";
		};
		BFDBB1D82991029C00CBC32F /* Swift100_28_BetterRestTests */ = {
			isa = PBXNativeTarget;
			buildConfigurationList = BFDBB1F02991029C00CBC32F /* Build configuration list for PBXNativeTarget "Swift100_28_BetterRestTests" */;
			buildPhases = (
				BFDBB1D52991029C00CBC32F /* Sources */,
				BFDBB1D62991029C00CBC32F /* Frameworks */,
				BFDBB1D72991029C00CBC32F /* Resources */,
			);
			buildRules = (
			);
			dependencies = (
				BFDBB1DB2991029C00CBC32F /* PBXTargetDependency */,
			);
			name = Swift100_28_BetterRestTests;
			productName = Swift100_28_BetterRestTests;
			productReference = BFDBB1D92991029C00CBC32F /* Swift100_28_BetterRestTests.xctest */;
			productType = "com.apple.product-type.bundle.unit-test";
		};
		BFDBB1E22991029C00CBC32F /* Swift100_28_BetterRestUITests */ = {
			isa = PBXNativeTarget;
			buildConfigurationList = BFDBB1F32991029C00CBC32F /* Build configuration list for PBXNativeTarget "Swift100_28_BetterRestUITests" */;
			buildPhases = (
				BFDBB1DF2991029C00CBC32F /* Sources */,
				BFDBB1E02991029C00CBC32F /* Frameworks */,
				BFDBB1E12991029C00CBC32F /* Resources */,
			);
			buildRules = (
			);
			dependencies = (
				BFDBB1E52991029C00CBC32F /* PBXTargetDependency */,
			);
			name = Swift100_28_BetterRestUITests;
			productName = Swift100_28_BetterRestUITests;
			productReference = BFDBB1E32991029C00CBC32F /* Swift100_28_BetterRestUITests.xctest */;
			productType = "com.apple.product-type.bundle.ui-testing";
		};
/* End PBXNativeTarget section */

/* Begin PBXProject section */
		BFDBB1C12991029A00CBC32F /* Project object */ = {
			isa = PBXProject;
			attributes = {
				BuildIndependentTargetsInParallel = 1;
				LastSwiftUpdateCheck = 1420;
				LastUpgradeCheck = 1420;
				TargetAttributes = {
					BFDBB1C82991029A00CBC32F = {
						CreatedOnToolsVersion = 14.2;
					};
					BFDBB1D82991029C00CBC32F = {
						CreatedOnToolsVersion = 14.2;
						TestTargetID = BFDBB1C82991029A00CBC32F;
					};
					BFDBB1E22991029C00CBC32F = {
						CreatedOnToolsVersion = 14.2;
						TestTargetID = BFDBB1C82991029A00CBC32F;
					};
				};
			};
			buildConfigurationList = BFDBB1C42991029A00CBC32F /* Build configuration list for PBXProject "Swift100_28_BetterRest" */;
			compatibilityVersion = "Xcode 14.0";
			developmentRegion = en;
			hasScannedForEncodings = 0;
			knownRegions = (
				en,
				Base,
			);
			mainGroup = BFDBB1C02991029A00CBC32F;
			productRefGroup = BFDBB1CA2991029A00CBC32F /* Products */;
			projectDirPath = "";
			projectRoot = "";
			targets = (
				BFDBB1C82991029A00CBC32F /* Swift100_28_BetterRest */,
				BFDBB1D82991029C00CBC32F /* Swift100_28_BetterRestTests */,
				BFDBB1E22991029C00CBC32F /* Swift100_28_BetterRestUITests */,
			);
		};
/* End PBXProject section */

/* Begin PBXResourcesBuildPhase section */
		BFDBB1C72991029A00CBC32F /* Resources */ = {
			isa = PBXResourcesBuildPhase;
			buildActionMask = 2147483647;
			files = (
				BFDBB1D42991029C00CBC32F /* Preview Assets.xcassets in Resources */,
				BFDBB1D12991029C00CBC32F /* Assets.xcassets in Resources */,
			);
			runOnlyForDeploymentPostprocessing = 0;
		};
		BFDBB1D72991029C00CBC32F /* Resources */ = {
			isa = PBXResourcesBuildPhase;
			buildActionMask = 2147483647;
			files = (
			);
			runOnlyForDeploymentPostprocessing = 0;
		};
		BFDBB1E12991029C00CBC32F /* Resources */ = {
			isa = PBXResourcesBuildPhase;
			buildActionMask = 2147483647;
			files = (
			);
			runOnlyForDeploymentPostprocessing = 0;
		};
/* End PBXResourcesBuildPhase section */

/* Begin PBXSourcesBuildPhase section */
		BFDBB1C52991029A00CBC32F /* Sources */ = {
			isa = PBXSourcesBuildPhase;
			buildActionMask = 2147483647;
			files = (
				BFDBB1F72991195300CBC32F /* SleepCalculator.mlmodel in Sources */,
				BFDBB1CF2991029A00CBC32F /* ContentView.swift in Sources */,
				BFDBB1CD2991029A00CBC32F /* Swift100_28_BetterRestApp.swift in Sources */,
			);
			runOnlyForDeploymentPostprocessing = 0;
		};
		BFDBB1D52991029C00CBC32F /* Sources */ = {
			isa = PBXSourcesBuildPhase;
			buildActionMask = 2147483647;
			files = (
				BFDBB1DE2991029C00CBC32F /* Swift100_28_BetterRestTests.swift in Sources */,
			);
			runOnlyForDeploymentPostprocessing = 0;
		};
		BFDBB1DF2991029C00CBC32F /* Sources */ = {
			isa = PBXSourcesBuildPhase;
			buildActionMask = 2147483647;
			files = (
				BFDBB1EA2991029C00CBC32F /* Swift100_28_BetterRestUITestsLaunchTests.swift in Sources */,
				BFDBB1E82991029C00CBC32F /* Swift100_28_BetterRestUITests.swift in Sources */,
			);
			runOnlyForDeploymentPostprocessing = 0;
		};
/* End PBXSourcesBuildPhase section */

/* Begin PBXTargetDependency section */
		BFDBB1DB2991029C00CBC32F /* PBXTargetDependency */ = {
			isa = PBXTargetDependency;
			target = BFDBB1C82991029A00CBC32F /* Swift100_28_BetterRest */;
			targetProxy = BFDBB1DA2991029C00CBC32F /* PBXContainerItemProxy */;
		};
		BFDBB1E52991029C00CBC32F /* PBXTargetDependency */ = {
			isa = PBXTargetDependency;
			target = BFDBB1C82991029A00CBC32F /* Swift100_28_BetterRest */;
			targetProxy = BFDBB1E42991029C00CBC32F /* PBXContainerItemProxy */;
		};
/* End PBXTargetDependency section */

/* Begin XCBuildConfiguration section */
		BFDBB1EB2991029C00CBC32F /* Debug */ = {
			isa = XCBuildConfiguration;
			buildSettings = {
				ALWAYS_SEARCH_USER_PATHS = NO;
				CLANG_ANALYZER_NONNULL = YES;
				CLANG_ANALYZER_NUMBER_OBJECT_CONVERSION = YES_AGGRESSIVE;
				CLANG_CXX_LANGUAGE_STANDARD = "gnu++20";
				CLANG_ENABLE_MODULES = YES;
				CLANG_ENABLE_OBJC_ARC = YES;
				CLANG_ENABLE_OBJC_WEAK = YES;
				CLANG_WARN_BLOCK_CAPTURE_AUTORELEASING = YES;
				CLANG_WARN_BOOL_CONVERSION = YES;
				CLANG_WARN_COMMA = YES;
				CLANG_WARN_CONSTANT_CONVERSION = YES;
				CLANG_WARN_DEPRECATED_OBJC_IMPLEMENTATIONS = YES;
				CLANG_WARN_DIRECT_OBJC_ISA_USAGE = YES_ERROR;
				CLANG_WARN_DOCUMENTATION_COMMENTS = YES;
				CLANG_WARN_EMPTY_BODY = YES;
				CLANG_WARN_ENUM_CONVERSION = YES;
				CLANG_WARN_INFINITE_RECURSION = YES;
				CLANG_WARN_INT_CONVERSION = YES;
				CLANG_WARN_NON_LITERAL_NULL_CONVERSION = YES;
				CLANG_WARN_OBJC_IMPLICIT_RETAIN_SELF = YES;
				CLANG_WARN_OBJC_LITERAL_CONVERSION = YES;
				CLANG_WARN_OBJC_ROOT_CLASS = YES_ERROR;
				CLANG_WARN_QUOTED_INCLUDE_IN_FRAMEWORK_HEADER = YES;
				CLANG_WARN_RANGE_LOOP_ANALYSIS = YES;
				CLANG_WARN_STRICT_PROTOTYPES = YES;
				CLANG_WARN_SUSPICIOUS_MOVE = YES;
				CLANG_WARN_UNGUARDED_AVAILABILITY = YES_AGGRESSIVE;
				CLANG_WARN_UNREACHABLE_CODE = YES;
				CLANG_WARN__DUPLICATE_METHOD_MATCH = YES;
				COPY_PHASE_STRIP = NO;
				DEBUG_INFORMATION_FORMAT = dwarf;
				ENABLE_STRICT_OBJC_MSGSEND = YES;
				ENABLE_TESTABILITY = YES;
				GCC_C_LANGUAGE_STANDARD = gnu11;
				GCC_DYNAMIC_NO_PIC = NO;
				GCC_NO_COMMON_BLOCKS = YES;
				GCC_OPTIMIZATION_LEVEL = 0;
				GCC_PREPROCESSOR_DEFINITIONS = (
					"DEBUG=1",
					"$(inherited)",
				);
				GCC_WARN_64_TO_32_BIT_CONVERSION = YES;
				GCC_WARN_ABOUT_RETURN_TYPE = YES_ERROR;
				GCC_WARN_UNDECLARED_SELECTOR = YES;
				GCC_WARN_UNINITIALIZED_AUTOS = YES_AGGRESSIVE;
				GCC_WARN_UNUSED_FUNCTION = YES;
				GCC_WARN_UNUSED_VARIABLE = YES;
				IPHONEOS_DEPLOYMENT_TARGET = 16.2;
				MTL_ENABLE_DEBUG_INFO = INCLUDE_SOURCE;
				MTL_FAST_MATH = YES;
				ONLY_ACTIVE_ARCH = YES;
				SDKROOT = iphoneos;
				SWIFT_ACTIVE_COMPILATION_CONDITIONS = DEBUG;
				SWIFT_OPTIMIZATION_LEVEL = "-Onone";
			};
			name = Debug;
		};
		BFDBB1EC2991029C00CBC32F /* Release */ = {
			isa = XCBuildConfiguration;
			buildSettings = {
				ALWAYS_SEARCH_USER_PATHS = NO;
				CLANG_ANALYZER_NONNULL = YES;
				CLANG_ANALYZER_NUMBER_OBJECT_CONVERSION = YES_AGGRESSIVE;
				CLANG_CXX_LANGUAGE_STANDARD = "gnu++20";
				CLANG_ENABLE_MODULES = YES;
				CLANG_ENABLE_OBJC_ARC = YES;
				CLANG_ENABLE_OBJC_WEAK = YES;
				CLANG_WARN_BLOCK_CAPTURE_AUTORELEASING = YES;
				CLANG_WARN_BOOL_CONVERSION = YES;
				CLANG_WARN_COMMA = YES;
				CLANG_WARN_CONSTANT_CONVERSION = YES;
				CLANG_WARN_DEPRECATED_OBJC_IMPLEMENTATIONS = YES;
				CLANG_WARN_DIRECT_OBJC_ISA_USAGE = YES_ERROR;
				CLANG_WARN_DOCUMENTATION_COMMENTS = YES;
				CLANG_WARN_EMPTY_BODY = YES;
				CLANG_WARN_ENUM_CONVERSION = YES;
				CLANG_WARN_INFINITE_RECURSION = YES;
				CLANG_WARN_INT_CONVERSION = YES;
				CLANG_WARN_NON_LITERAL_NULL_CONVERSION = YES;
				CLANG_WARN_OBJC_IMPLICIT_RETAIN_SELF = YES;
				CLANG_WARN_OBJC_LITERAL_CONVERSION = YES;
				CLANG_WARN_OBJC_ROOT_CLASS = YES_ERROR;
				CLANG_WARN_QUOTED_INCLUDE_IN_FRAMEWORK_HEADER = YES;
				CLANG_WARN_RANGE_LOOP_ANALYSIS = YES;
				CLANG_WARN_STRICT_PROTOTYPES = YES;
				CLANG_WARN_SUSPICIOUS_MOVE = YES;
				CLANG_WARN_UNGUARDED_AVAILABILITY = YES_AGGRESSIVE;
				CLANG_WARN_UNREACHABLE_CODE = YES;
				CLANG_WARN__DUPLICATE_METHOD_MATCH = YES;
				COPY_PHASE_STRIP = NO;
				DEBUG_INFORMATION_FORMAT = "dwarf-with-dsym";
				ENABLE_NS_ASSERTIONS = NO;
				ENABLE_STRICT_OBJC_MSGSEND = YES;
				GCC_C_LANGUAGE_STANDARD = gnu11;
				GCC_NO_COMMON_BLOCKS = YES;
				GCC_WARN_64_TO_32_BIT_CONVERSION = YES;
				GCC_WARN_ABOUT_RETURN_TYPE = YES_ERROR;
				GCC_WARN_UNDECLARED_SELECTOR = YES;
				GCC_WARN_UNINITIALIZED_AUTOS = YES_AGGRESSIVE;
				GCC_WARN_UNUSED_FUNCTION = YES;
				GCC_WARN_UNUSED_VARIABLE = YES;
				IPHONEOS_DEPLOYMENT_TARGET = 16.2;
				MTL_ENABLE_DEBUG_INFO = NO;
				MTL_FAST_MATH = YES;
				SDKROOT = iphoneos;
				SWIFT_COMPILATION_MODE = wholemodule;
				SWIFT_OPTIMIZATION_LEVEL = "-O";
				VALIDATE_PRODUCT = YES;
			};
			name = Release;
		};
		BFDBB1EE2991029C00CBC32F /* Debug */ = {
			isa = XCBuildConfiguration;
			buildSettings = {
				ASSETCATALOG_COMPILER_APPICON_NAME = AppIcon;
				ASSETCATALOG_COMPILER_GLOBAL_ACCENT_COLOR_NAME = AccentColor;
				CODE_SIGN_STYLE = Automatic;
				CURRENT_PROJECT_VERSION = 1;
				DEVELOPMENT_ASSET_PATHS = "\"Swift100_28_BetterRest/Preview Content\"";
				ENABLE_PREVIEWS = YES;
				GENERATE_INFOPLIST_FILE = YES;
				INFOPLIST_KEY_UIApplicationSceneManifest_Generation = YES;
				INFOPLIST_KEY_UIApplicationSupportsIndirectInputEvents = YES;
				INFOPLIST_KEY_UILaunchScreen_Generation = YES;
				INFOPLIST_KEY_UISupportedInterfaceOrientations_iPad = "UIInterfaceOrientationPortrait UIInterfaceOrientationPortraitUpsideDown UIInterfaceOrientationLandscapeLeft UIInterfaceOrientationLandscapeRight";
				INFOPLIST_KEY_UISupportedInterfaceOrientations_iPhone = "UIInterfaceOrientationPortrait UIInterfaceOrientationLandscapeLeft UIInterfaceOrientationLandscapeRight";
				LD_RUNPATH_SEARCH_PATHS = (
					"$(inherited)",
					"@executable_path/Frameworks",
				);
				MARKETING_VERSION = 1.0;
				PRODUCT_BUNDLE_IDENTIFIER = "JuicyE.Swift100-28-BetterRest";
				PRODUCT_NAME = "$(TARGET_NAME)";
				SWIFT_EMIT_LOC_STRINGS = YES;
				SWIFT_VERSION = 5.0;
				TARGETED_DEVICE_FAMILY = "1,2";
			};
			name = Debug;
		};
		BFDBB1EF2991029C00CBC32F /* Release */ = {
			isa = XCBuildConfiguration;
			buildSettings = {
				ASSETCATALOG_COMPILER_APPICON_NAME = AppIcon;
				ASSETCATALOG_COMPILER_GLOBAL_ACCENT_COLOR_NAME = AccentColor;
				CODE_SIGN_STYLE = Automatic;
				CURRENT_PROJECT_VERSION = 1;
				DEVELOPMENT_ASSET_PATHS = "\"Swift100_28_BetterRest/Preview Content\"";
				ENABLE_PREVIEWS = YES;
				GENERATE_INFOPLIST_FILE = YES;
				INFOPLIST_KEY_UIApplicationSceneManifest_Generation = YES;
				INFOPLIST_KEY_UIApplicationSupportsIndirectInputEvents = YES;
				INFOPLIST_KEY_UILaunchScreen_Generation = YES;
				INFOPLIST_KEY_UISupportedInterfaceOrientations_iPad = "UIInterfaceOrientationPortrait UIInterfaceOrientationPortraitUpsideDown UIInterfaceOrientationLandscapeLeft UIInterfaceOrientationLandscapeRight";
				INFOPLIST_KEY_UISupportedInterfaceOrientations_iPhone = "UIInterfaceOrientationPortrait UIInterfaceOrientationLandscapeLeft UIInterfaceOrientationLandscapeRight";
				LD_RUNPATH_SEARCH_PATHS = (
					"$(inherited)",
					"@executable_path/Frameworks",
				);
				MARKETING_VERSION = 1.0;
				PRODUCT_BUNDLE_IDENTIFIER = "JuicyE.Swift100-28-BetterRest";
				PRODUCT_NAME = "$(TARGET_NAME)";
				SWIFT_EMIT_LOC_STRINGS = YES;
				SWIFT_VERSION = 5.0;
				TARGETED_DEVICE_FAMILY = "1,2";
			};
			name = Release;
		};
		BFDBB1F12991029C00CBC32F /* Debug */ = {
			isa = XCBuildConfiguration;
			buildSettings = {
				ALWAYS_EMBED_SWIFT_STANDARD_LIBRARIES = YES;
				BUNDLE_LOADER = "$(TEST_HOST)";
				CODE_SIGN_STYLE = Automatic;
				CURRENT_PROJECT_VERSION = 1;
				GENERATE_INFOPLIST_FILE = YES;
				IPHONEOS_DEPLOYMENT_TARGET = 16.2;
				MARKETING_VERSION = 1.0;
				PRODUCT_BUNDLE_IDENTIFIER = "JuicyE.Swift100-28-BetterRestTests";
				PRODUCT_NAME = "$(TARGET_NAME)";
				SWIFT_EMIT_LOC_STRINGS = NO;
				SWIFT_VERSION = 5.0;
				TARGETED_DEVICE_FAMILY = "1,2";
				TEST_HOST = "$(BUILT_PRODUCTS_DIR)/Swift100_28_BetterRest.app/$(BUNDLE_EXECUTABLE_FOLDER_PATH)/Swift100_28_BetterRest";
			};
			name = Debug;
		};
		BFDBB1F22991029C00CBC32F /* Release */ = {
			isa = XCBuildConfiguration;
			buildSettings = {
				ALWAYS_EMBED_SWIFT_STANDARD_LIBRARIES = YES;
				BUNDLE_LOADER = "$(TEST_HOST)";
				CODE_SIGN_STYLE = Automatic;
				CURRENT_PROJECT_VERSION = 1;
				GENERATE_INFOPLIST_FILE = YES;
				IPHONEOS_DEPLOYMENT_TARGET = 16.2;
				MARKETING_VERSION = 1.0;
				PRODUCT_BUNDLE_IDENTIFIER = "JuicyE.Swift100-28-BetterRestTests";
				PRODUCT_NAME = "$(TARGET_NAME)";
				SWIFT_EMIT_LOC_STRINGS = NO;
				SWIFT_VERSION = 5.0;
				TARGETED_DEVICE_FAMILY = "1,2";
				TEST_HOST = "$(BUILT_PRODUCTS_DIR)/Swift100_28_BetterRest.app/$(BUNDLE_EXECUTABLE_FOLDER_PATH)/Swift100_28_BetterRest";
			};
			name = Release;
		};
		BFDBB1F42991029C00CBC32F /* Debug */ = {
			isa = XCBuildConfiguration;
			buildSettings = {
				ALWAYS_EMBED_SWIFT_STANDARD_LIBRARIES = YES;
				CODE_SIGN_STYLE = Automatic;
				CURRENT_PROJECT_VERSION = 1;
				GENERATE_INFOPLIST_FILE = YES;
				MARKETING_VERSION = 1.0;
				PRODUCT_BUNDLE_IDENTIFIER = "JuicyE.Swift100-28-BetterRestUITests";
				PRODUCT_NAME = "$(TARGET_NAME)";
				SWIFT_EMIT_LOC_STRINGS = NO;
				SWIFT_VERSION = 5.0;
				TARGETED_DEVICE_FAMILY = "1,2";
				TEST_TARGET_NAME = Swift100_28_BetterRest;
			};
			name = Debug;
		};
		BFDBB1F52991029C00CBC32F /* Release */ = {
			isa = XCBuildConfiguration;
			buildSettings = {
				ALWAYS_EMBED_SWIFT_STANDARD_LIBRARIES = YES;
				CODE_SIGN_STYLE = Automatic;
				CURRENT_PROJECT_VERSION = 1;
				GENERATE_INFOPLIST_FILE = YES;
				MARKETING_VERSION = 1.0;
				PRODUCT_BUNDLE_IDENTIFIER = "JuicyE.Swift100-28-BetterRestUITests";
				PRODUCT_NAME = "$(TARGET_NAME)";
				SWIFT_EMIT_LOC_STRINGS = NO;
				SWIFT_VERSION = 5.0;
				TARGETED_DEVICE_FAMILY = "1,2";
				TEST_TARGET_NAME = Swift100_28_BetterRest;
			};
			name = Release;
		};
/* End XCBuildConfiguration section */

/* Begin XCConfigurationList section */
		BFDBB1C42991029A00CBC32F /* Build configuration list for PBXProject "Swift100_28_BetterRest" */ = {
			isa = XCConfigurationList;
			buildConfigurations = (
				BFDBB1EB2991029C00CBC32F /* Debug */,
				BFDBB1EC2991029C00CBC32F /* Release */,
			);
			defaultConfigurationIsVisible = 0;
			defaultConfigurationName = Release;
		};
		BFDBB1ED2991029C00CBC32F /* Build configuration list for PBXNativeTarget "Swift100_28_BetterRest" */ = {
			isa = XCConfigurationList;
			buildConfigurations = (
				BFDBB1EE2991029C00CBC32F /* Debug */,
				BFDBB1EF2991029C00CBC32F /* Release */,
			);
			defaultConfigurationIsVisible = 0;
			defaultConfigurationName = Release;
		};
		BFDBB1F02991029C00CBC32F /* Build configuration list for PBXNativeTarget "Swift100_28_BetterRestTests" */ = {
			isa = XCConfigurationList;
			buildConfigurations = (
				BFDBB1F12991029C00CBC32F /* Debug */,
				BFDBB1F22991029C00CBC32F /* Release */,
			);
			defaultConfigurationIsVisible = 0;
			defaultConfigurationName = Release;
		};
		BFDBB1F32991029C00CBC32F /* Build configuration list for PBXNativeTarget "Swift100_28_BetterRestUITests" */ = {
			isa = XCConfigurationList;
			buildConfigurations = (
				BFDBB1F42991029C00CBC32F /* Debug */,
				BFDBB1F52991029C00CBC32F /* Release */,
			);
			defaultConfigurationIsVisible = 0;
			defaultConfigurationName = Release;
		};
/* End XCConfigurationList section */
	};
	rootObject = BFDBB1C12991029A00CBC32F /* Project object */;
}
