// !$*UTF8*$!
{
	archiveVersion = 1;
	classes = {
	};
	objectVersion = 56;
	objects = {

/* Begin PBXBuildFile section */
		BF501F9C29935F0200D139A8 /* Swift100_34_AnimationApp.swift in Sources */ = {isa = PBXBuildFile; fileRef = BF501F9B29935F0200D139A8 /* Swift100_34_AnimationApp.swift */; };
		BF501F9E29935F0200D139A8 /* ContentView.swift in Sources */ = {isa = PBXBuildFile; fileRef = BF501F9D29935F0200D139A8 /* ContentView.swift */; };
		BF501FA029935F0300D139A8 /* Assets.xcassets in Resources */ = {isa = PBXBuildFile; fileRef = BF501F9F29935F0300D139A8 /* Assets.xcassets */; };
		BF501FA329935F0300D139A8 /* Preview Assets.xcassets in Resources */ = {isa = PBXBuildFile; fileRef = BF501FA229935F0300D139A8 /* Preview Assets.xcassets */; };
		BF501FAD29935F0300D139A8 /* Swift100_34_AnimationTests.swift in Sources */ = {isa = PBXBuildFile; fileRef = BF501FAC29935F0300D139A8 /* Swift100_34_AnimationTests.swift */; };
		BF501FB729935F0300D139A8 /* Swift100_34_AnimationUITests.swift in Sources */ = {isa = PBXBuildFile; fileRef = BF501FB629935F0300D139A8 /* Swift100_34_AnimationUITests.swift */; };
		BF501FB929935F0300D139A8 /* Swift100_34_AnimationUITestsLaunchTests.swift in Sources */ = {isa = PBXBuildFile; fileRef = BF501FB829935F0300D139A8 /* Swift100_34_AnimationUITestsLaunchTests.swift */; };
		BF501FC62993912D00D139A8 /* animating gesture.swift in Sources */ = {isa = PBXBuildFile; fileRef = BF501FC52993912D00D139A8 /* animating gesture.swift */; };
		BF501FC829939E6200D139A8 /* customTransition.swift in Sources */ = {isa = PBXBuildFile; fileRef = BF501FC729939E6200D139A8 /* customTransition.swift */; };
/* End PBXBuildFile section */

/* Begin PBXContainerItemProxy section */
		BF501FA929935F0300D139A8 /* PBXContainerItemProxy */ = {
			isa = PBXContainerItemProxy;
			containerPortal = BF501F9029935F0200D139A8 /* Project object */;
			proxyType = 1;
			remoteGlobalIDString = BF501F9729935F0200D139A8;
			remoteInfo = Swift100_34_Animation;
		};
		BF501FB329935F0300D139A8 /* PBXContainerItemProxy */ = {
			isa = PBXContainerItemProxy;
			containerPortal = BF501F9029935F0200D139A8 /* Project object */;
			proxyType = 1;
			remoteGlobalIDString = BF501F9729935F0200D139A8;
			remoteInfo = Swift100_34_Animation;
		};
/* End PBXContainerItemProxy section */

/* Begin PBXFileReference section */
		BF501F9829935F0200D139A8 /* Swift100_34_Animation.app */ = {isa = PBXFileReference; explicitFileType = wrapper.application; includeInIndex = 0; path = Swift100_34_Animation.app; sourceTree = BUILT_PRODUCTS_DIR; };
		BF501F9B29935F0200D139A8 /* Swift100_34_AnimationApp.swift */ = {isa = PBXFileReference; lastKnownFileType = sourcecode.swift; path = Swift100_34_AnimationApp.swift; sourceTree = "<group>"; };
		BF501F9D29935F0200D139A8 /* ContentView.swift */ = {isa = PBXFileReference; lastKnownFileType = sourcecode.swift; path = ContentView.swift; sourceTree = "<group>"; };
		BF501F9F29935F0300D139A8 /* Assets.xcassets */ = {isa = PBXFileReference; lastKnownFileType = folder.assetcatalog; path = Assets.xcassets; sourceTree = "<group>"; };
		BF501FA229935F0300D139A8 /* Preview Assets.xcassets */ = {isa = PBXFileReference; lastKnownFileType = folder.assetcatalog; path = "Preview Assets.xcassets"; sourceTree = "<group>"; };
		BF501FA829935F0300D139A8 /* Swift100_34_AnimationTests.xctest */ = {isa = PBXFileReference; explicitFileType = wrapper.cfbundle; includeInIndex = 0; path = Swift100_34_AnimationTests.xctest; sourceTree = BUILT_PRODUCTS_DIR; };
		BF501FAC29935F0300D139A8 /* Swift100_34_AnimationTests.swift */ = {isa = PBXFileReference; lastKnownFileType = sourcecode.swift; path = Swift100_34_AnimationTests.swift; sourceTree = "<group>"; };
		BF501FB229935F0300D139A8 /* Swift100_34_AnimationUITests.xctest */ = {isa = PBXFileReference; explicitFileType = wrapper.cfbundle; includeInIndex = 0; path = Swift100_34_AnimationUITests.xctest; sourceTree = BUILT_PRODUCTS_DIR; };
		BF501FB629935F0300D139A8 /* Swift100_34_AnimationUITests.swift */ = {isa = PBXFileReference; lastKnownFileType = sourcecode.swift; path = Swift100_34_AnimationUITests.swift; sourceTree = "<group>"; };
		BF501FB829935F0300D139A8 /* Swift100_34_AnimationUITestsLaunchTests.swift */ = {isa = PBXFileReference; lastKnownFileType = sourcecode.swift; path = Swift100_34_AnimationUITestsLaunchTests.swift; sourceTree = "<group>"; };
		BF501FC52993912D00D139A8 /* animating gesture.swift */ = {isa = PBXFileReference; lastKnownFileType = sourcecode.swift; path = "animating gesture.swift"; sourceTree = "<group>"; };
		BF501FC729939E6200D139A8 /* customTransition.swift */ = {isa = PBXFileReference; lastKnownFileType = sourcecode.swift; path = customTransition.swift; sourceTree = "<group>"; };
/* End PBXFileReference section */

/* Begin PBXFrameworksBuildPhase section */
		BF501F9529935F0200D139A8 /* Frameworks */ = {
			isa = PBXFrameworksBuildPhase;
			buildActionMask = 2147483647;
			files = (
			);
			runOnlyForDeploymentPostprocessing = 0;
		};
		BF501FA529935F0300D139A8 /* Frameworks */ = {
			isa = PBXFrameworksBuildPhase;
			buildActionMask = 2147483647;
			files = (
			);
			runOnlyForDeploymentPostprocessing = 0;
		};
		BF501FAF29935F0300D139A8 /* Frameworks */ = {
			isa = PBXFrameworksBuildPhase;
			buildActionMask = 2147483647;
			files = (
			);
			runOnlyForDeploymentPostprocessing = 0;
		};
/* End PBXFrameworksBuildPhase section */

/* Begin PBXGroup section */
		BF501F8F29935F0200D139A8 = {
			isa = PBXGroup;
			children = (
				BF501F9A29935F0200D139A8 /* Swift100_34_Animation */,
				BF501FAB29935F0300D139A8 /* Swift100_34_AnimationTests */,
				BF501FB529935F0300D139A8 /* Swift100_34_AnimationUITests */,
				BF501F9929935F0200D139A8 /* Products */,
			);
			sourceTree = "<group>";
		};
		BF501F9929935F0200D139A8 /* Products */ = {
			isa = PBXGroup;
			children = (
				BF501F9829935F0200D139A8 /* Swift100_34_Animation.app */,
				BF501FA829935F0300D139A8 /* Swift100_34_AnimationTests.xctest */,
				BF501FB229935F0300D139A8 /* Swift100_34_AnimationUITests.xctest */,
			);
			name = Products;
			sourceTree = "<group>";
		};
		BF501F9A29935F0200D139A8 /* Swift100_34_Animation */ = {
			isa = PBXGroup;
			children = (
				BF501F9B29935F0200D139A8 /* Swift100_34_AnimationApp.swift */,
				BF501F9D29935F0200D139A8 /* ContentView.swift */,
				BF501FC52993912D00D139A8 /* animating gesture.swift */,
				BF501FC729939E6200D139A8 /* customTransition.swift */,
				BF501F9F29935F0300D139A8 /* Assets.xcassets */,
				BF501FA129935F0300D139A8 /* Preview Content */,
			);
			path = Swift100_34_Animation;
			sourceTree = "<group>";
		};
		BF501FA129935F0300D139A8 /* Preview Content */ = {
			isa = PBXGroup;
			children = (
				BF501FA229935F0300D139A8 /* Preview Assets.xcassets */,
			);
			path = "Preview Content";
			sourceTree = "<group>";
		};
		BF501FAB29935F0300D139A8 /* Swift100_34_AnimationTests */ = {
			isa = PBXGroup;
			children = (
				BF501FAC29935F0300D139A8 /* Swift100_34_AnimationTests.swift */,
			);
			path = Swift100_34_AnimationTests;
			sourceTree = "<group>";
		};
		BF501FB529935F0300D139A8 /* Swift100_34_AnimationUITests */ = {
			isa = PBXGroup;
			children = (
				BF501FB629935F0300D139A8 /* Swift100_34_AnimationUITests.swift */,
				BF501FB829935F0300D139A8 /* Swift100_34_AnimationUITestsLaunchTests.swift */,
			);
			path = Swift100_34_AnimationUITests;
			sourceTree = "<group>";
		};
/* End PBXGroup section */

/* Begin PBXNativeTarget section */
		BF501F9729935F0200D139A8 /* Swift100_34_Animation */ = {
			isa = PBXNativeTarget;
			buildConfigurationList = BF501FBC29935F0300D139A8 /* Build configuration list for PBXNativeTarget "Swift100_34_Animation" */;
			buildPhases = (
				BF501F9429935F0200D139A8 /* Sources */,
				BF501F9529935F0200D139A8 /* Frameworks */,
				BF501F9629935F0200D139A8 /* Resources */,
			);
			buildRules = (
			);
			dependencies = (
			);
			name = Swift100_34_Animation;
			productName = Swift100_34_Animation;
			productReference = BF501F9829935F0200D139A8 /* Swift100_34_Animation.app */;
			productType = "com.apple.product-type.application";
		};
		BF501FA729935F0300D139A8 /* Swift100_34_AnimationTests */ = {
			isa = PBXNativeTarget;
			buildConfigurationList = BF501FBF29935F0300D139A8 /* Build configuration list for PBXNativeTarget "Swift100_34_AnimationTests" */;
			buildPhases = (
				BF501FA429935F0300D139A8 /* Sources */,
				BF501FA529935F0300D139A8 /* Frameworks */,
				BF501FA629935F0300D139A8 /* Resources */,
			);
			buildRules = (
			);
			dependencies = (
				BF501FAA29935F0300D139A8 /* PBXTargetDependency */,
			);
			name = Swift100_34_AnimationTests;
			productName = Swift100_34_AnimationTests;
			productReference = BF501FA829935F0300D139A8 /* Swift100_34_AnimationTests.xctest */;
			productType = "com.apple.product-type.bundle.unit-test";
		};
		BF501FB129935F0300D139A8 /* Swift100_34_AnimationUITests */ = {
			isa = PBXNativeTarget;
			buildConfigurationList = BF501FC229935F0300D139A8 /* Build configuration list for PBXNativeTarget "Swift100_34_AnimationUITests" */;
			buildPhases = (
				BF501FAE29935F0300D139A8 /* Sources */,
				BF501FAF29935F0300D139A8 /* Frameworks */,
				BF501FB029935F0300D139A8 /* Resources */,
			);
			buildRules = (
			);
			dependencies = (
				BF501FB429935F0300D139A8 /* PBXTargetDependency */,
			);
			name = Swift100_34_AnimationUITests;
			productName = Swift100_34_AnimationUITests;
			productReference = BF501FB229935F0300D139A8 /* Swift100_34_AnimationUITests.xctest */;
			productType = "com.apple.product-type.bundle.ui-testing";
		};
/* End PBXNativeTarget section */

/* Begin PBXProject section */
		BF501F9029935F0200D139A8 /* Project object */ = {
			isa = PBXProject;
			attributes = {
				BuildIndependentTargetsInParallel = 1;
				LastSwiftUpdateCheck = 1420;
				LastUpgradeCheck = 1420;
				TargetAttributes = {
					BF501F9729935F0200D139A8 = {
						CreatedOnToolsVersion = 14.2;
					};
					BF501FA729935F0300D139A8 = {
						CreatedOnToolsVersion = 14.2;
						TestTargetID = BF501F9729935F0200D139A8;
					};
					BF501FB129935F0300D139A8 = {
						CreatedOnToolsVersion = 14.2;
						TestTargetID = BF501F9729935F0200D139A8;
					};
				};
			};
			buildConfigurationList = BF501F9329935F0200D139A8 /* Build configuration list for PBXProject "Swift100_34_Animation" */;
			compatibilityVersion = "Xcode 14.0";
			developmentRegion = en;
			hasScannedForEncodings = 0;
			knownRegions = (
				en,
				Base,
			);
			mainGroup = BF501F8F29935F0200D139A8;
			productRefGroup = BF501F9929935F0200D139A8 /* Products */;
			projectDirPath = "";
			projectRoot = "";
			targets = (
				BF501F9729935F0200D139A8 /* Swift100_34_Animation */,
				BF501FA729935F0300D139A8 /* Swift100_34_AnimationTests */,
				BF501FB129935F0300D139A8 /* Swift100_34_AnimationUITests */,
			);
		};
/* End PBXProject section */

/* Begin PBXResourcesBuildPhase section */
		BF501F9629935F0200D139A8 /* Resources */ = {
			isa = PBXResourcesBuildPhase;
			buildActionMask = 2147483647;
			files = (
				BF501FA329935F0300D139A8 /* Preview Assets.xcassets in Resources */,
				BF501FA029935F0300D139A8 /* Assets.xcassets in Resources */,
			);
			runOnlyForDeploymentPostprocessing = 0;
		};
		BF501FA629935F0300D139A8 /* Resources */ = {
			isa = PBXResourcesBuildPhase;
			buildActionMask = 2147483647;
			files = (
			);
			runOnlyForDeploymentPostprocessing = 0;
		};
		BF501FB029935F0300D139A8 /* Resources */ = {
			isa = PBXResourcesBuildPhase;
			buildActionMask = 2147483647;
			files = (
			);
			runOnlyForDeploymentPostprocessing = 0;
		};
/* End PBXResourcesBuildPhase section */

/* Begin PBXSourcesBuildPhase section */
		BF501F9429935F0200D139A8 /* Sources */ = {
			isa = PBXSourcesBuildPhase;
			buildActionMask = 2147483647;
			files = (
				BF501FC62993912D00D139A8 /* animating gesture.swift in Sources */,
				BF501F9E29935F0200D139A8 /* ContentView.swift in Sources */,
				BF501F9C29935F0200D139A8 /* Swift100_34_AnimationApp.swift in Sources */,
				BF501FC829939E6200D139A8 /* customTransition.swift in Sources */,
			);
			runOnlyForDeploymentPostprocessing = 0;
		};
		BF501FA429935F0300D139A8 /* Sources */ = {
			isa = PBXSourcesBuildPhase;
			buildActionMask = 2147483647;
			files = (
				BF501FAD29935F0300D139A8 /* Swift100_34_AnimationTests.swift in Sources */,
			);
			runOnlyForDeploymentPostprocessing = 0;
		};
		BF501FAE29935F0300D139A8 /* Sources */ = {
			isa = PBXSourcesBuildPhase;
			buildActionMask = 2147483647;
			files = (
				BF501FB929935F0300D139A8 /* Swift100_34_AnimationUITestsLaunchTests.swift in Sources */,
				BF501FB729935F0300D139A8 /* Swift100_34_AnimationUITests.swift in Sources */,
			);
			runOnlyForDeploymentPostprocessing = 0;
		};
/* End PBXSourcesBuildPhase section */

/* Begin PBXTargetDependency section */
		BF501FAA29935F0300D139A8 /* PBXTargetDependency */ = {
			isa = PBXTargetDependency;
			target = BF501F9729935F0200D139A8 /* Swift100_34_Animation */;
			targetProxy = BF501FA929935F0300D139A8 /* PBXContainerItemProxy */;
		};
		BF501FB429935F0300D139A8 /* PBXTargetDependency */ = {
			isa = PBXTargetDependency;
			target = BF501F9729935F0200D139A8 /* Swift100_34_Animation */;
			targetProxy = BF501FB329935F0300D139A8 /* PBXContainerItemProxy */;
		};
/* End PBXTargetDependency section */

/* Begin XCBuildConfiguration section */
		BF501FBA29935F0300D139A8 /* Debug */ = {
			isa = XCBuildConfiguration;
			buildSettings = {
				ALWAYS_SEARCH_USER_PATHS = NO;
				CLANG_ANALYZER_NONNULL = YES;
				CLANG_ANALYZER_NUMBER_OBJECT_CONVERSION = YES_AGGRESSIVE;
				CLANG_CXX_LANGUAGE_STANDARD = "gnu++20";
				CLANG_ENABLE_MODULES = YES;
				CLANG_ENABLE_OBJC_ARC = YES;
				CLANG_ENABLE_OBJC_WEAK = YES;
				CLANG_WARN_BLOCK_CAPTURE_AUTORELEASING = YES;
				CLANG_WARN_BOOL_CONVERSION = YES;
				CLANG_WARN_COMMA = YES;
				CLANG_WARN_CONSTANT_CONVERSION = YES;
				CLANG_WARN_DEPRECATED_OBJC_IMPLEMENTATIONS = YES;
				CLANG_WARN_DIRECT_OBJC_ISA_USAGE = YES_ERROR;
				CLANG_WARN_DOCUMENTATION_COMMENTS = YES;
				CLANG_WARN_EMPTY_BODY = YES;
				CLANG_WARN_ENUM_CONVERSION = YES;
				CLANG_WARN_INFINITE_RECURSION = YES;
				CLANG_WARN_INT_CONVERSION = YES;
				CLANG_WARN_NON_LITERAL_NULL_CONVERSION = YES;
				CLANG_WARN_OBJC_IMPLICIT_RETAIN_SELF = YES;
				CLANG_WARN_OBJC_LITERAL_CONVERSION = YES;
				CLANG_WARN_OBJC_ROOT_CLASS = YES_ERROR;
				CLANG_WARN_QUOTED_INCLUDE_IN_FRAMEWORK_HEADER = YES;
				CLANG_WARN_RANGE_LOOP_ANALYSIS = YES;
				CLANG_WARN_STRICT_PROTOTYPES = YES;
				CLANG_WARN_SUSPICIOUS_MOVE = YES;
				CLANG_WARN_UNGUARDED_AVAILABILITY = YES_AGGRESSIVE;
				CLANG_WARN_UNREACHABLE_CODE = YES;
				CLANG_WARN__DUPLICATE_METHOD_MATCH = YES;
				COPY_PHASE_STRIP = NO;
				DEBUG_INFORMATION_FORMAT = dwarf;
				ENABLE_STRICT_OBJC_MSGSEND = YES;
				ENABLE_TESTABILITY = YES;
				GCC_C_LANGUAGE_STANDARD = gnu11;
				GCC_DYNAMIC_NO_PIC = NO;
				GCC_NO_COMMON_BLOCKS = YES;
				GCC_OPTIMIZATION_LEVEL = 0;
				GCC_PREPROCESSOR_DEFINITIONS = (
					"DEBUG=1",
					"$(inherited)",
				);
				GCC_WARN_64_TO_32_BIT_CONVERSION = YES;
				GCC_WARN_ABOUT_RETURN_TYPE = YES_ERROR;
				GCC_WARN_UNDECLARED_SELECTOR = YES;
				GCC_WARN_UNINITIALIZED_AUTOS = YES_AGGRESSIVE;
				GCC_WARN_UNUSED_FUNCTION = YES;
				GCC_WARN_UNUSED_VARIABLE = YES;
				IPHONEOS_DEPLOYMENT_TARGET = 16.2;
				MTL_ENABLE_DEBUG_INFO = INCLUDE_SOURCE;
				MTL_FAST_MATH = YES;
				ONLY_ACTIVE_ARCH = YES;
				SDKROOT = iphoneos;
				SWIFT_ACTIVE_COMPILATION_CONDITIONS = DEBUG;
				SWIFT_OPTIMIZATION_LEVEL = "-Onone";
			};
			name = Debug;
		};
		BF501FBB29935F0300D139A8 /* Release */ = {
			isa = XCBuildConfiguration;
			buildSettings = {
				ALWAYS_SEARCH_USER_PATHS = NO;
				CLANG_ANALYZER_NONNULL = YES;
				CLANG_ANALYZER_NUMBER_OBJECT_CONVERSION = YES_AGGRESSIVE;
				CLANG_CXX_LANGUAGE_STANDARD = "gnu++20";
				CLANG_ENABLE_MODULES = YES;
				CLANG_ENABLE_OBJC_ARC = YES;
				CLANG_ENABLE_OBJC_WEAK = YES;
				CLANG_WARN_BLOCK_CAPTURE_AUTORELEASING = YES;
				CLANG_WARN_BOOL_CONVERSION = YES;
				CLANG_WARN_COMMA = YES;
				CLANG_WARN_CONSTANT_CONVERSION = YES;
				CLANG_WARN_DEPRECATED_OBJC_IMPLEMENTATIONS = YES;
				CLANG_WARN_DIRECT_OBJC_ISA_USAGE = YES_ERROR;
				CLANG_WARN_DOCUMENTATION_COMMENTS = YES;
				CLANG_WARN_EMPTY_BODY = YES;
				CLANG_WARN_ENUM_CONVERSION = YES;
				CLANG_WARN_INFINITE_RECURSION = YES;
				CLANG_WARN_INT_CONVERSION = YES;
				CLANG_WARN_NON_LITERAL_NULL_CONVERSION = YES;
				CLANG_WARN_OBJC_IMPLICIT_RETAIN_SELF = YES;
				CLANG_WARN_OBJC_LITERAL_CONVERSION = YES;
				CLANG_WARN_OBJC_ROOT_CLASS = YES_ERROR;
				CLANG_WARN_QUOTED_INCLUDE_IN_FRAMEWORK_HEADER = YES;
				CLANG_WARN_RANGE_LOOP_ANALYSIS = YES;
				CLANG_WARN_STRICT_PROTOTYPES = YES;
				CLANG_WARN_SUSPICIOUS_MOVE = YES;
				CLANG_WARN_UNGUARDED_AVAILABILITY = YES_AGGRESSIVE;
				CLANG_WARN_UNREACHABLE_CODE = YES;
				CLANG_WARN__DUPLICATE_METHOD_MATCH = YES;
				COPY_PHASE_STRIP = NO;
				DEBUG_INFORMATION_FORMAT = "dwarf-with-dsym";
				ENABLE_NS_ASSERTIONS = NO;
				ENABLE_STRICT_OBJC_MSGSEND = YES;
				GCC_C_LANGUAGE_STANDARD = gnu11;
				GCC_NO_COMMON_BLOCKS = YES;
				GCC_WARN_64_TO_32_BIT_CONVERSION = YES;
				GCC_WARN_ABOUT_RETURN_TYPE = YES_ERROR;
				GCC_WARN_UNDECLARED_SELECTOR = YES;
				GCC_WARN_UNINITIALIZED_AUTOS = YES_AGGRESSIVE;
				GCC_WARN_UNUSED_FUNCTION = YES;
				GCC_WARN_UNUSED_VARIABLE = YES;
				IPHONEOS_DEPLOYMENT_TARGET = 16.2;
				MTL_ENABLE_DEBUG_INFO = NO;
				MTL_FAST_MATH = YES;
				SDKROOT = iphoneos;
				SWIFT_COMPILATION_MODE = wholemodule;
				SWIFT_OPTIMIZATION_LEVEL = "-O";
				VALIDATE_PRODUCT = YES;
			};
			name = Release;
		};
		BF501FBD29935F0300D139A8 /* Debug */ = {
			isa = XCBuildConfiguration;
			buildSettings = {
				ASSETCATALOG_COMPILER_APPICON_NAME = AppIcon;
				ASSETCATALOG_COMPILER_GLOBAL_ACCENT_COLOR_NAME = AccentColor;
				CODE_SIGN_STYLE = Automatic;
				CURRENT_PROJECT_VERSION = 1;
				DEVELOPMENT_ASSET_PATHS = "\"Swift100_34_Animation/Preview Content\"";
				ENABLE_PREVIEWS = YES;
				GENERATE_INFOPLIST_FILE = YES;
				INFOPLIST_KEY_UIApplicationSceneManifest_Generation = YES;
				INFOPLIST_KEY_UIApplicationSupportsIndirectInputEvents = YES;
				INFOPLIST_KEY_UILaunchScreen_Generation = YES;
				INFOPLIST_KEY_UISupportedInterfaceOrientations_iPad = "UIInterfaceOrientationPortrait UIInterfaceOrientationPortraitUpsideDown UIInterfaceOrientationLandscapeLeft UIInterfaceOrientationLandscapeRight";
				INFOPLIST_KEY_UISupportedInterfaceOrientations_iPhone = "UIInterfaceOrientationPortrait UIInterfaceOrientationLandscapeLeft UIInterfaceOrientationLandscapeRight";
				LD_RUNPATH_SEARCH_PATHS = (
					"$(inherited)",
					"@executable_path/Frameworks",
				);
				MARKETING_VERSION = 1.0;
				PRODUCT_BUNDLE_IDENTIFIER = "JuicyE.Swift100-34-Animation";
				PRODUCT_NAME = "$(TARGET_NAME)";
				SWIFT_EMIT_LOC_STRINGS = YES;
				SWIFT_VERSION = 5.0;
				TARGETED_DEVICE_FAMILY = "1,2";
			};
			name = Debug;
		};
		BF501FBE29935F0300D139A8 /* Release */ = {
			isa = XCBuildConfiguration;
			buildSettings = {
				ASSETCATALOG_COMPILER_APPICON_NAME = AppIcon;
				ASSETCATALOG_COMPILER_GLOBAL_ACCENT_COLOR_NAME = AccentColor;
				CODE_SIGN_STYLE = Automatic;
				CURRENT_PROJECT_VERSION = 1;
				DEVELOPMENT_ASSET_PATHS = "\"Swift100_34_Animation/Preview Content\"";
				ENABLE_PREVIEWS = YES;
				GENERATE_INFOPLIST_FILE = YES;
				INFOPLIST_KEY_UIApplicationSceneManifest_Generation = YES;
				INFOPLIST_KEY_UIApplicationSupportsIndirectInputEvents = YES;
				INFOPLIST_KEY_UILaunchScreen_Generation = YES;
				INFOPLIST_KEY_UISupportedInterfaceOrientations_iPad = "UIInterfaceOrientationPortrait UIInterfaceOrientationPortraitUpsideDown UIInterfaceOrientationLandscapeLeft UIInterfaceOrientationLandscapeRight";
				INFOPLIST_KEY_UISupportedInterfaceOrientations_iPhone = "UIInterfaceOrientationPortrait UIInterfaceOrientationLandscapeLeft UIInterfaceOrientationLandscapeRight";
				LD_RUNPATH_SEARCH_PATHS = (
					"$(inherited)",
					"@executable_path/Frameworks",
				);
				MARKETING_VERSION = 1.0;
				PRODUCT_BUNDLE_IDENTIFIER = "JuicyE.Swift100-34-Animation";
				PRODUCT_NAME = "$(TARGET_NAME)";
				SWIFT_EMIT_LOC_STRINGS = YES;
				SWIFT_VERSION = 5.0;
				TARGETED_DEVICE_FAMILY = "1,2";
			};
			name = Release;
		};
		BF501FC029935F0300D139A8 /* Debug */ = {
			isa = XCBuildConfiguration;
			buildSettings = {
				ALWAYS_EMBED_SWIFT_STANDARD_LIBRARIES = YES;
				BUNDLE_LOADER = "$(TEST_HOST)";
				CODE_SIGN_STYLE = Automatic;
				CURRENT_PROJECT_VERSION = 1;
				GENERATE_INFOPLIST_FILE = YES;
				IPHONEOS_DEPLOYMENT_TARGET = 16.2;
				MARKETING_VERSION = 1.0;
				PRODUCT_BUNDLE_IDENTIFIER = "JuicyE.Swift100-34-AnimationTests";
				PRODUCT_NAME = "$(TARGET_NAME)";
				SWIFT_EMIT_LOC_STRINGS = NO;
				SWIFT_VERSION = 5.0;
				TARGETED_DEVICE_FAMILY = "1,2";
				TEST_HOST = "$(BUILT_PRODUCTS_DIR)/Swift100_34_Animation.app/$(BUNDLE_EXECUTABLE_FOLDER_PATH)/Swift100_34_Animation";
			};
			name = Debug;
		};
		BF501FC129935F0300D139A8 /* Release */ = {
			isa = XCBuildConfiguration;
			buildSettings = {
				ALWAYS_EMBED_SWIFT_STANDARD_LIBRARIES = YES;
				BUNDLE_LOADER = "$(TEST_HOST)";
				CODE_SIGN_STYLE = Automatic;
				CURRENT_PROJECT_VERSION = 1;
				GENERATE_INFOPLIST_FILE = YES;
				IPHONEOS_DEPLOYMENT_TARGET = 16.2;
				MARKETING_VERSION = 1.0;
				PRODUCT_BUNDLE_IDENTIFIER = "JuicyE.Swift100-34-AnimationTests";
				PRODUCT_NAME = "$(TARGET_NAME)";
				SWIFT_EMIT_LOC_STRINGS = NO;
				SWIFT_VERSION = 5.0;
				TARGETED_DEVICE_FAMILY = "1,2";
				TEST_HOST = "$(BUILT_PRODUCTS_DIR)/Swift100_34_Animation.app/$(BUNDLE_EXECUTABLE_FOLDER_PATH)/Swift100_34_Animation";
			};
			name = Release;
		};
		BF501FC329935F0300D139A8 /* Debug */ = {
			isa = XCBuildConfiguration;
			buildSettings = {
				ALWAYS_EMBED_SWIFT_STANDARD_LIBRARIES = YES;
				CODE_SIGN_STYLE = Automatic;
				CURRENT_PROJECT_VERSION = 1;
				GENERATE_INFOPLIST_FILE = YES;
				MARKETING_VERSION = 1.0;
				PRODUCT_BUNDLE_IDENTIFIER = "JuicyE.Swift100-34-AnimationUITests";
				PRODUCT_NAME = "$(TARGET_NAME)";
				SWIFT_EMIT_LOC_STRINGS = NO;
				SWIFT_VERSION = 5.0;
				TARGETED_DEVICE_FAMILY = "1,2";
				TEST_TARGET_NAME = Swift100_34_Animation;
			};
			name = Debug;
		};
		BF501FC429935F0300D139A8 /* Release */ = {
			isa = XCBuildConfiguration;
			buildSettings = {
				ALWAYS_EMBED_SWIFT_STANDARD_LIBRARIES = YES;
				CODE_SIGN_STYLE = Automatic;
				CURRENT_PROJECT_VERSION = 1;
				GENERATE_INFOPLIST_FILE = YES;
				MARKETING_VERSION = 1.0;
				PRODUCT_BUNDLE_IDENTIFIER = "JuicyE.Swift100-34-AnimationUITests";
				PRODUCT_NAME = "$(TARGET_NAME)";
				SWIFT_EMIT_LOC_STRINGS = NO;
				SWIFT_VERSION = 5.0;
				TARGETED_DEVICE_FAMILY = "1,2";
				TEST_TARGET_NAME = Swift100_34_Animation;
			};
			name = Release;
		};
/* End XCBuildConfiguration section */

/* Begin XCConfigurationList section */
		BF501F9329935F0200D139A8 /* Build configuration list for PBXProject "Swift100_34_Animation" */ = {
			isa = XCConfigurationList;
			buildConfigurations = (
				BF501FBA29935F0300D139A8 /* Debug */,
				BF501FBB29935F0300D139A8 /* Release */,
			);
			defaultConfigurationIsVisible = 0;
			defaultConfigurationName = Release;
		};
		BF501FBC29935F0300D139A8 /* Build configuration list for PBXNativeTarget "Swift100_34_Animation" */ = {
			isa = XCConfigurationList;
			buildConfigurations = (
				BF501FBD29935F0300D139A8 /* Debug */,
				BF501FBE29935F0300D139A8 /* Release */,
			);
			defaultConfigurationIsVisible = 0;
			defaultConfigurationName = Release;
		};
		BF501FBF29935F0300D139A8 /* Build configuration list for PBXNativeTarget "Swift100_34_AnimationTests" */ = {
			isa = XCConfigurationList;
			buildConfigurations = (
				BF501FC029935F0300D139A8 /* Debug */,
				BF501FC129935F0300D139A8 /* Release */,
			);
			defaultConfigurationIsVisible = 0;
			defaultConfigurationName = Release;
		};
		BF501FC229935F0300D139A8 /* Build configuration list for PBXNativeTarget "Swift100_34_AnimationUITests" */ = {
			isa = XCConfigurationList;
			buildConfigurations = (
				BF501FC329935F0300D139A8 /* Debug */,
				BF501FC429935F0300D139A8 /* Release */,
			);
			defaultConfigurationIsVisible = 0;
			defaultConfigurationName = Release;
		};
/* End XCConfigurationList section */
	};
	rootObject = BF501F9029935F0200D139A8 /* Project object */;
}
